// !$*UTF8*$!
{
	archiveVersion = 1;
	classes = {
	};
	objectVersion = 56;
	objects = {

/* Begin PBXBuildFile section */
		D4061C3D2A4B25B900CDD1FF /* ViewSizeService.swift in Sources */ = {isa = PBXBuildFile; fileRef = D4061C2C2A4B25B900CDD1FF /* ViewSizeService.swift */; };
		D4061C3E2A4B25B900CDD1FF /* StatusService.swift in Sources */ = {isa = PBXBuildFile; fileRef = D4061C2D2A4B25B900CDD1FF /* StatusService.swift */; };
		D4061C402A4B25B900CDD1FF /* PlayerWidget.swift in Sources */ = {isa = PBXBuildFile; fileRef = D4061C302A4B25B900CDD1FF /* PlayerWidget.swift */; };
		D4061C412A4B25B900CDD1FF /* ViewState.swift in Sources */ = {isa = PBXBuildFile; fileRef = D4061C322A4B25B900CDD1FF /* ViewState.swift */; };
		D4061C422A4B25B900CDD1FF /* StateSync.swift in Sources */ = {isa = PBXBuildFile; fileRef = D4061C332A4B25B900CDD1FF /* StateSync.swift */; };
		D4061C432A4B25B900CDD1FF /* Service.swift in Sources */ = {isa = PBXBuildFile; fileRef = D4061C342A4B25B900CDD1FF /* Service.swift */; };
		D4061C442A4B25B900CDD1FF /* Context.swift in Sources */ = {isa = PBXBuildFile; fileRef = D4061C352A4B25B900CDD1FF /* Context.swift */; };
		D4061C452A4B25B900CDD1FF /* ControlWidget.swift in Sources */ = {isa = PBXBuildFile; fileRef = D4061C372A4B25B900CDD1FF /* ControlWidget.swift */; };
		D4061C462A4B25B900CDD1FF /* ToastWidget.swift in Sources */ = {isa = PBXBuildFile; fileRef = D4061C382A4B25B900CDD1FF /* ToastWidget.swift */; };
		D4061C472A4B25B900CDD1FF /* PluginWidget.swift in Sources */ = {isa = PBXBuildFile; fileRef = D4061C392A4B25B900CDD1FF /* PluginWidget.swift */; };
		D4061C482A4B25B900CDD1FF /* FeatureWidget.swift in Sources */ = {isa = PBXBuildFile; fileRef = D4061C3A2A4B25B900CDD1FF /* FeatureWidget.swift */; };
		D4061C492A4B25B900CDD1FF /* GestureWidget.swift in Sources */ = {isa = PBXBuildFile; fileRef = D4061C3B2A4B25B900CDD1FF /* GestureWidget.swift */; };
		D4061C4A2A4B25B900CDD1FF /* RenderWidget.swift in Sources */ = {isa = PBXBuildFile; fileRef = D4061C3C2A4B25B900CDD1FF /* RenderWidget.swift */; };
		D41A3E012A5A586E0061C1AF /* StepService.swift in Sources */ = {isa = PBXBuildFile; fileRef = D41A3E002A5A586E0061C1AF /* StepService.swift */; };
		D43672062A53171A0083F9DD /* demo.mp4 in Resources */ = {isa = PBXBuildFile; fileRef = D43672022A5316E40083F9DD /* demo.mp4 */; };
		D43672072A53171D0083F9DD /* demo.mp4 in Resources */ = {isa = PBXBuildFile; fileRef = D43672022A5316E40083F9DD /* demo.mp4 */; };
		D43672082A5317200083F9DD /* demo.mp4 in Resources */ = {isa = PBXBuildFile; fileRef = D43672022A5316E40083F9DD /* demo.mp4 */; };
		D43ACAF82A68391300F6E598 /* PiPWidget.swift in Sources */ = {isa = PBXBuildFile; fileRef = D43ACAF72A68391300F6E598 /* PiPWidget.swift */; };
		D46141572A512D3000D84E62 /* VideoPlayerContainer.framework in Frameworks */ = {isa = PBXBuildFile; fileRef = D4061C242A4B257800CDD1FF /* VideoPlayerContainer.framework */; };
		D46141592A51330A00D84E62 /* DanmakuWidget.swift in Sources */ = {isa = PBXBuildFile; fileRef = D46141582A51330A00D84E62 /* DanmakuWidget.swift */; };
		D461415B2A51332300D84E62 /* PlaybackWidget.swift in Sources */ = {isa = PBXBuildFile; fileRef = D461415A2A51332300D84E62 /* PlaybackWidget.swift */; };
		D461415E2A5133DE00D84E62 /* SeekBarWidget.swift in Sources */ = {isa = PBXBuildFile; fileRef = D461415C2A5133DE00D84E62 /* SeekBarWidget.swift */; };
		D461415F2A5133DE00D84E62 /* TimelineWidget.swift in Sources */ = {isa = PBXBuildFile; fileRef = D461415D2A5133DE00D84E62 /* TimelineWidget.swift */; };
		D46141612A51341C00D84E62 /* DurationWidget.swift in Sources */ = {isa = PBXBuildFile; fileRef = D46141602A51341C00D84E62 /* DurationWidget.swift */; };
		D474DC412A5067B300EF8957 /* SeekBarWidget.swift in Sources */ = {isa = PBXBuildFile; fileRef = D474DC402A5067B300EF8957 /* SeekBarWidget.swift */; };
		D474DC432A50694600EF8957 /* TimelineWidget.swift in Sources */ = {isa = PBXBuildFile; fileRef = D474DC422A50694600EF8957 /* TimelineWidget.swift */; };
		D474DC452A5069E600EF8957 /* PlaybackWidget.swift in Sources */ = {isa = PBXBuildFile; fileRef = D474DC442A5069E600EF8957 /* PlaybackWidget.swift */; };
		D474DC472A506A0800EF8957 /* StepForwardWidget.swift in Sources */ = {isa = PBXBuildFile; fileRef = D474DC462A506A0800EF8957 /* StepForwardWidget.swift */; };
		D474DC492A506A1200EF8957 /* StepBackWidget.swift in Sources */ = {isa = PBXBuildFile; fileRef = D474DC482A506A1200EF8957 /* StepBackWidget.swift */; };
		D474DC4C2A50884300EF8957 /* VideoPlayerContainer.framework in Frameworks */ = {isa = PBXBuildFile; fileRef = D4061C242A4B257800CDD1FF /* VideoPlayerContainer.framework */; };
		D474DC4E2A508D0400EF8957 /* CommentWidget.swift in Sources */ = {isa = PBXBuildFile; fileRef = D474DC4D2A508D0400EF8957 /* CommentWidget.swift */; };
		D4929A8B2A6BA826005DF4A6 /* VideoFramePreferenceKey.swift in Sources */ = {isa = PBXBuildFile; fileRef = D4929A8A2A6BA826005DF4A6 /* VideoFramePreferenceKey.swift */; };
		D49604102A4D224F00AD3FE6 /* ExampleApp.swift in Sources */ = {isa = PBXBuildFile; fileRef = D496040F2A4D224F00AD3FE6 /* ExampleApp.swift */; };
		D49604122A4D224F00AD3FE6 /* ContentView.swift in Sources */ = {isa = PBXBuildFile; fileRef = D49604112A4D224F00AD3FE6 /* ContentView.swift */; };
		D49604142A4D225000AD3FE6 /* Assets.xcassets in Resources */ = {isa = PBXBuildFile; fileRef = D49604132A4D225000AD3FE6 /* Assets.xcassets */; };
		D49604172A4D225000AD3FE6 /* Preview Assets.xcassets in Resources */ = {isa = PBXBuildFile; fileRef = D49604162A4D225000AD3FE6 /* Preview Assets.xcassets */; };
		D49604222A4D228700AD3FE6 /* ExampleApp.swift in Sources */ = {isa = PBXBuildFile; fileRef = D49604212A4D228700AD3FE6 /* ExampleApp.swift */; };
		D49604242A4D228700AD3FE6 /* ContentView.swift in Sources */ = {isa = PBXBuildFile; fileRef = D49604232A4D228700AD3FE6 /* ContentView.swift */; };
		D49604262A4D228800AD3FE6 /* Assets.xcassets in Resources */ = {isa = PBXBuildFile; fileRef = D49604252A4D228800AD3FE6 /* Assets.xcassets */; };
		D49604292A4D228800AD3FE6 /* Preview Assets.xcassets in Resources */ = {isa = PBXBuildFile; fileRef = D49604282A4D228800AD3FE6 /* Preview Assets.xcassets */; };
		D49604342A4D22AF00AD3FE6 /* ExampleApp.swift in Sources */ = {isa = PBXBuildFile; fileRef = D49604332A4D22AF00AD3FE6 /* ExampleApp.swift */; };
		D49604362A4D22AF00AD3FE6 /* ContentView.swift in Sources */ = {isa = PBXBuildFile; fileRef = D49604352A4D22AF00AD3FE6 /* ContentView.swift */; };
		D49604382A4D22B000AD3FE6 /* Assets.xcassets in Resources */ = {isa = PBXBuildFile; fileRef = D49604372A4D22B000AD3FE6 /* Assets.xcassets */; };
		D496043B2A4D22B000AD3FE6 /* Preview Assets.xcassets in Resources */ = {isa = PBXBuildFile; fileRef = D496043A2A4D22B000AD3FE6 /* Preview Assets.xcassets */; };
		D49F20CE2A63FF4A0074D656 /* MessageWidget.swift in Sources */ = {isa = PBXBuildFile; fileRef = D49F20CD2A63FF4A0074D656 /* MessageWidget.swift */; };
		D49F20D02A6400810074D656 /* TitleWidget.swift in Sources */ = {isa = PBXBuildFile; fileRef = D49F20CF2A6400810074D656 /* TitleWidget.swift */; };
		D49F20D22A6400900074D656 /* DescriptionWidget.swift in Sources */ = {isa = PBXBuildFile; fileRef = D49F20D12A6400900074D656 /* DescriptionWidget.swift */; };
		D49F20D42A6400970074D656 /* DataService.swift in Sources */ = {isa = PBXBuildFile; fileRef = D49F20D32A6400970074D656 /* DataService.swift */; };
		D4A8FBE82A6A390500DBE29E /* ExampleApp.swift in Sources */ = {isa = PBXBuildFile; fileRef = D4A8FBE72A6A390500DBE29E /* ExampleApp.swift */; };
		D4A8FBEA2A6A390500DBE29E /* ContentView.swift in Sources */ = {isa = PBXBuildFile; fileRef = D4A8FBE92A6A390500DBE29E /* ContentView.swift */; };
		D4A8FBEC2A6A390600DBE29E /* Assets.xcassets in Resources */ = {isa = PBXBuildFile; fileRef = D4A8FBEB2A6A390600DBE29E /* Assets.xcassets */; };
		D4A8FBEF2A6A390600DBE29E /* Preview Assets.xcassets in Resources */ = {isa = PBXBuildFile; fileRef = D4A8FBEE2A6A390600DBE29E /* Preview Assets.xcassets */; };
		D4A8FBF62A6A39DC00DBE29E /* Model.swift in Sources */ = {isa = PBXBuildFile; fileRef = D4A8FBF52A6A39DC00DBE29E /* Model.swift */; };
		D4A8FBF82A6A3B5100DBE29E /* FeedsViewModel.swift in Sources */ = {isa = PBXBuildFile; fileRef = D4A8FBF72A6A3B5100DBE29E /* FeedsViewModel.swift */; };
		D4A8FBFA2A6A3EA700DBE29E /* feeds.json in Resources */ = {isa = PBXBuildFile; fileRef = D4A8FBF92A6A3C9800DBE29E /* feeds.json */; };
		D4A8FBFB2A6A606C00DBE29E /* demo.mp4 in Resources */ = {isa = PBXBuildFile; fileRef = D43672022A5316E40083F9DD /* demo.mp4 */; };
		D4A8FBFD2A6A61D000DBE29E /* PlaybackWidget.swift in Sources */ = {isa = PBXBuildFile; fileRef = D4A8FBFC2A6A61D000DBE29E /* PlaybackWidget.swift */; };
		D4A8FBFF2A6A629D00DBE29E /* TimelineWidget.swift in Sources */ = {isa = PBXBuildFile; fileRef = D4A8FBFE2A6A629D00DBE29E /* TimelineWidget.swift */; };
		D4A8FC012A6A6BBD00DBE29E /* LabelStyle.swift in Sources */ = {isa = PBXBuildFile; fileRef = D4A8FC002A6A6BBD00DBE29E /* LabelStyle.swift */; };
		D4A8FC032A6A864200DBE29E /* VideoDetail.swift in Sources */ = {isa = PBXBuildFile; fileRef = D4A8FC022A6A864200DBE29E /* VideoDetail.swift */; };
		D4A8FC052A6A8DCD00DBE29E /* BackWidget.swift in Sources */ = {isa = PBXBuildFile; fileRef = D4A8FC042A6A8DCD00DBE29E /* BackWidget.swift */; };
		D4A9854E2A657CCA00B42F39 /* ContentView.swift in Sources */ = {isa = PBXBuildFile; fileRef = D4A9854D2A657CCA00B42F39 /* ContentView.swift */; };
		D4A985502A657CCA00B42F39 /* Assets.xcassets in Resources */ = {isa = PBXBuildFile; fileRef = D4A9854F2A657CCA00B42F39 /* Assets.xcassets */; };
		D4A985532A657CCA00B42F39 /* Preview Assets.xcassets in Resources */ = {isa = PBXBuildFile; fileRef = D4A985522A657CCA00B42F39 /* Preview Assets.xcassets */; };
		D4A985612A657CFD00B42F39 /* LoadingService.swift in Sources */ = {isa = PBXBuildFile; fileRef = D4A985592A657CFD00B42F39 /* LoadingService.swift */; };
		D4A985622A657CFD00B42F39 /* SeekBarWidget.swift in Sources */ = {isa = PBXBuildFile; fileRef = D4A9855A2A657CFD00B42F39 /* SeekBarWidget.swift */; };
		D4A985632A657CFD00B42F39 /* FloatControlOverlay.swift in Sources */ = {isa = PBXBuildFile; fileRef = D4A9855B2A657CFD00B42F39 /* FloatControlOverlay.swift */; };
		D4A985642A657CFD00B42F39 /* PlaybackButtonWidget.swift in Sources */ = {isa = PBXBuildFile; fileRef = D4A9855C2A657CFD00B42F39 /* PlaybackButtonWidget.swift */; };
		D4A985652A657CFD00B42F39 /* TimelineWidget.swift in Sources */ = {isa = PBXBuildFile; fileRef = D4A9855D2A657CFD00B42F39 /* TimelineWidget.swift */; };
		D4A985662A657CFD00B42F39 /* DurationWidget.swift in Sources */ = {isa = PBXBuildFile; fileRef = D4A9855E2A657CFD00B42F39 /* DurationWidget.swift */; };
		D4A985672A657CFD00B42F39 /* ExampleApp.swift in Sources */ = {isa = PBXBuildFile; fileRef = D4A9855F2A657CFD00B42F39 /* ExampleApp.swift */; };
		D4A985682A657CFD00B42F39 /* MenuViewModel.swift in Sources */ = {isa = PBXBuildFile; fileRef = D4A985602A657CFD00B42F39 /* MenuViewModel.swift */; };
		D4A9856A2A6580A600B42F39 /* VolumeWidget.swift in Sources */ = {isa = PBXBuildFile; fileRef = D4A985692A6580A600B42F39 /* VolumeWidget.swift */; };
		D4A9856D2A65837500B42F39 /* StepBackWidget.swift in Sources */ = {isa = PBXBuildFile; fileRef = D4A9856B2A65837500B42F39 /* StepBackWidget.swift */; };
		D4A9856E2A65837500B42F39 /* StepForwardWidget.swift in Sources */ = {isa = PBXBuildFile; fileRef = D4A9856C2A65837500B42F39 /* StepForwardWidget.swift */; };
		D4A985702A65842600B42F39 /* StatelessWidgets.swift in Sources */ = {isa = PBXBuildFile; fileRef = D4A9856F2A65842600B42F39 /* StatelessWidgets.swift */; };
		D4C450902A4ECFC300731503 /* VideoPlayerContainer.framework in Frameworks */ = {isa = PBXBuildFile; fileRef = D4061C242A4B257800CDD1FF /* VideoPlayerContainer.framework */; };
		D4C450922A4EE50B00731503 /* SeekBarWidget.swift in Sources */ = {isa = PBXBuildFile; fileRef = D4C450912A4EE50B00731503 /* SeekBarWidget.swift */; };
		D4C450942A4EE51F00731503 /* PlaybackService.swift in Sources */ = {isa = PBXBuildFile; fileRef = D4C450932A4EE51F00731503 /* PlaybackService.swift */; };
		D4CE6DED2A62577E00DAF8A8 /* MockData.swift in Sources */ = {isa = PBXBuildFile; fileRef = D4CE6DEC2A62577E00DAF8A8 /* MockData.swift */; };
		D4DC26EA2A663F950010780D /* SeekBarWidget.swift in Sources */ = {isa = PBXBuildFile; fileRef = D4DC26E32A663F950010780D /* SeekBarWidget.swift */; };
		D4DC26EB2A663F950010780D /* VolumeWidget.swift in Sources */ = {isa = PBXBuildFile; fileRef = D4DC26E42A663F950010780D /* VolumeWidget.swift */; };
		D4DC26EC2A663F950010780D /* StepForwardWidget.swift in Sources */ = {isa = PBXBuildFile; fileRef = D4DC26E52A663F950010780D /* StepForwardWidget.swift */; };
		D4DC26ED2A663F950010780D /* PlaybackButtonWidget.swift in Sources */ = {isa = PBXBuildFile; fileRef = D4DC26E62A663F950010780D /* PlaybackButtonWidget.swift */; };
		D4DC26EE2A663F950010780D /* StepBackWidget.swift in Sources */ = {isa = PBXBuildFile; fileRef = D4DC26E72A663F950010780D /* StepBackWidget.swift */; };
		D4DC26EF2A663F950010780D /* TimelineWidget.swift in Sources */ = {isa = PBXBuildFile; fileRef = D4DC26E82A663F950010780D /* TimelineWidget.swift */; };
		D4DC26F02A663F950010780D /* DurationWidget.swift in Sources */ = {isa = PBXBuildFile; fileRef = D4DC26E92A663F950010780D /* DurationWidget.swift */; };
		D4E9114D2A661A18002BED4A /* ExampleApp.swift in Sources */ = {isa = PBXBuildFile; fileRef = D4E9114C2A661A18002BED4A /* ExampleApp.swift */; };
		D4E9114F2A661A18002BED4A /* ContentView.swift in Sources */ = {isa = PBXBuildFile; fileRef = D4E9114E2A661A18002BED4A /* ContentView.swift */; };
		D4E911512A661A19002BED4A /* Assets.xcassets in Resources */ = {isa = PBXBuildFile; fileRef = D4E911502A661A19002BED4A /* Assets.xcassets */; };
		D4E911542A661A19002BED4A /* Preview Assets.xcassets in Resources */ = {isa = PBXBuildFile; fileRef = D4E911532A661A19002BED4A /* Preview Assets.xcassets */; };
		D4E9115A2A661D82002BED4A /* demo.mp4 in Resources */ = {isa = PBXBuildFile; fileRef = D43672022A5316E40083F9DD /* demo.mp4 */; };
		D4FAD5492A66430F00170073 /* StatelessWidgets.swift in Sources */ = {isa = PBXBuildFile; fileRef = D4FAD5482A66430F00170073 /* StatelessWidgets.swift */; };
		D4FAD54B2A66443E00170073 /* MoreWidget.swift in Sources */ = {isa = PBXBuildFile; fileRef = D4FAD54A2A66443E00170073 /* MoreWidget.swift */; };
		D4FF0D742A695269008B2DFD /* Slider.swift in Sources */ = {isa = PBXBuildFile; fileRef = D4FF0D732A695269008B2DFD /* Slider.swift */; };
/* End PBXBuildFile section */

/* Begin PBXContainerItemProxy section */
		D46141552A512D2D00D84E62 /* PBXContainerItemProxy */ = {
			isa = PBXContainerItemProxy;
			containerPortal = D49986102A389FEF00384185 /* Project object */;
			proxyType = 1;
			remoteGlobalIDString = D4061C232A4B257800CDD1FF;
			remoteInfo = VideoPlayerContainer;
		};
		D474DC4A2A50883F00EF8957 /* PBXContainerItemProxy */ = {
			isa = PBXContainerItemProxy;
			containerPortal = D49986102A389FEF00384185 /* Project object */;
			proxyType = 1;
			remoteGlobalIDString = D4061C232A4B257800CDD1FF;
			remoteInfo = VideoPlayerContainer;
		};
		D4A8FBF32A6A391100DBE29E /* PBXContainerItemProxy */ = {
			isa = PBXContainerItemProxy;
			containerPortal = D49986102A389FEF00384185 /* Project object */;
			proxyType = 1;
			remoteGlobalIDString = D4061C232A4B257800CDD1FF;
			remoteInfo = VideoPlayerContainer;
		};
		D4A985712A6590C600B42F39 /* PBXContainerItemProxy */ = {
			isa = PBXContainerItemProxy;
			containerPortal = D49986102A389FEF00384185 /* Project object */;
			proxyType = 1;
			remoteGlobalIDString = D4061C232A4B257800CDD1FF;
			remoteInfo = VideoPlayerContainer;
		};
		D4C4508E2A4ECFBC00731503 /* PBXContainerItemProxy */ = {
			isa = PBXContainerItemProxy;
			containerPortal = D49986102A389FEF00384185 /* Project object */;
			proxyType = 1;
			remoteGlobalIDString = D4061C232A4B257800CDD1FF;
			remoteInfo = VideoPlayerContainer;
		};
		D4E911582A661A29002BED4A /* PBXContainerItemProxy */ = {
			isa = PBXContainerItemProxy;
			containerPortal = D49986102A389FEF00384185 /* Project object */;
			proxyType = 1;
			remoteGlobalIDString = D4061C232A4B257800CDD1FF;
			remoteInfo = VideoPlayerContainer;
		};
/* End PBXContainerItemProxy section */

/* Begin PBXFileReference section */
		D4061C242A4B257800CDD1FF /* VideoPlayerContainer.framework */ = {isa = PBXFileReference; explicitFileType = wrapper.framework; includeInIndex = 0; path = VideoPlayerContainer.framework; sourceTree = BUILT_PRODUCTS_DIR; };
		D4061C2C2A4B25B900CDD1FF /* ViewSizeService.swift */ = {isa = PBXFileReference; fileEncoding = 4; lastKnownFileType = sourcecode.swift; path = ViewSizeService.swift; sourceTree = "<group>"; };
		D4061C2D2A4B25B900CDD1FF /* StatusService.swift */ = {isa = PBXFileReference; fileEncoding = 4; lastKnownFileType = sourcecode.swift; path = StatusService.swift; sourceTree = "<group>"; };
		D4061C302A4B25B900CDD1FF /* PlayerWidget.swift */ = {isa = PBXFileReference; fileEncoding = 4; lastKnownFileType = sourcecode.swift; path = PlayerWidget.swift; sourceTree = "<group>"; };
		D4061C322A4B25B900CDD1FF /* ViewState.swift */ = {isa = PBXFileReference; fileEncoding = 4; lastKnownFileType = sourcecode.swift; path = ViewState.swift; sourceTree = "<group>"; };
		D4061C332A4B25B900CDD1FF /* StateSync.swift */ = {isa = PBXFileReference; fileEncoding = 4; lastKnownFileType = sourcecode.swift; path = StateSync.swift; sourceTree = "<group>"; };
		D4061C342A4B25B900CDD1FF /* Service.swift */ = {isa = PBXFileReference; fileEncoding = 4; lastKnownFileType = sourcecode.swift; path = Service.swift; sourceTree = "<group>"; };
		D4061C352A4B25B900CDD1FF /* Context.swift */ = {isa = PBXFileReference; fileEncoding = 4; lastKnownFileType = sourcecode.swift; path = Context.swift; sourceTree = "<group>"; };
		D4061C372A4B25B900CDD1FF /* ControlWidget.swift */ = {isa = PBXFileReference; fileEncoding = 4; lastKnownFileType = sourcecode.swift; path = ControlWidget.swift; sourceTree = "<group>"; };
		D4061C382A4B25B900CDD1FF /* ToastWidget.swift */ = {isa = PBXFileReference; fileEncoding = 4; lastKnownFileType = sourcecode.swift; path = ToastWidget.swift; sourceTree = "<group>"; };
		D4061C392A4B25B900CDD1FF /* PluginWidget.swift */ = {isa = PBXFileReference; fileEncoding = 4; lastKnownFileType = sourcecode.swift; path = PluginWidget.swift; sourceTree = "<group>"; };
		D4061C3A2A4B25B900CDD1FF /* FeatureWidget.swift */ = {isa = PBXFileReference; fileEncoding = 4; lastKnownFileType = sourcecode.swift; path = FeatureWidget.swift; sourceTree = "<group>"; };
		D4061C3B2A4B25B900CDD1FF /* GestureWidget.swift */ = {isa = PBXFileReference; fileEncoding = 4; lastKnownFileType = sourcecode.swift; path = GestureWidget.swift; sourceTree = "<group>"; };
		D4061C3C2A4B25B900CDD1FF /* RenderWidget.swift */ = {isa = PBXFileReference; fileEncoding = 4; lastKnownFileType = sourcecode.swift; path = RenderWidget.swift; sourceTree = "<group>"; };
		D41A3E002A5A586E0061C1AF /* StepService.swift */ = {isa = PBXFileReference; lastKnownFileType = sourcecode.swift; path = StepService.swift; sourceTree = "<group>"; };
		D43672022A5316E40083F9DD /* demo.mp4 */ = {isa = PBXFileReference; lastKnownFileType = file; path = demo.mp4; sourceTree = "<group>"; };
		D43ACAF72A68391300F6E598 /* PiPWidget.swift */ = {isa = PBXFileReference; lastKnownFileType = sourcecode.swift; path = PiPWidget.swift; sourceTree = "<group>"; };
		D43ACAF92A68441B00F6E598 /* Info.plist */ = {isa = PBXFileReference; lastKnownFileType = text.plist; path = Info.plist; sourceTree = "<group>"; };
		D46141582A51330A00D84E62 /* DanmakuWidget.swift */ = {isa = PBXFileReference; lastKnownFileType = sourcecode.swift; path = DanmakuWidget.swift; sourceTree = "<group>"; };
		D461415A2A51332300D84E62 /* PlaybackWidget.swift */ = {isa = PBXFileReference; fileEncoding = 4; lastKnownFileType = sourcecode.swift; path = PlaybackWidget.swift; sourceTree = "<group>"; };
		D461415C2A5133DE00D84E62 /* SeekBarWidget.swift */ = {isa = PBXFileReference; fileEncoding = 4; lastKnownFileType = sourcecode.swift; path = SeekBarWidget.swift; sourceTree = "<group>"; };
		D461415D2A5133DE00D84E62 /* TimelineWidget.swift */ = {isa = PBXFileReference; fileEncoding = 4; lastKnownFileType = sourcecode.swift; path = TimelineWidget.swift; sourceTree = "<group>"; };
		D46141602A51341C00D84E62 /* DurationWidget.swift */ = {isa = PBXFileReference; fileEncoding = 4; lastKnownFileType = sourcecode.swift; path = DurationWidget.swift; sourceTree = "<group>"; };
		D474DC402A5067B300EF8957 /* SeekBarWidget.swift */ = {isa = PBXFileReference; fileEncoding = 4; lastKnownFileType = sourcecode.swift; path = SeekBarWidget.swift; sourceTree = "<group>"; };
		D474DC422A50694600EF8957 /* TimelineWidget.swift */ = {isa = PBXFileReference; fileEncoding = 4; lastKnownFileType = sourcecode.swift; path = TimelineWidget.swift; sourceTree = "<group>"; };
		D474DC442A5069E600EF8957 /* PlaybackWidget.swift */ = {isa = PBXFileReference; lastKnownFileType = sourcecode.swift; path = PlaybackWidget.swift; sourceTree = "<group>"; };
		D474DC462A506A0800EF8957 /* StepForwardWidget.swift */ = {isa = PBXFileReference; lastKnownFileType = sourcecode.swift; path = StepForwardWidget.swift; sourceTree = "<group>"; };
		D474DC482A506A1200EF8957 /* StepBackWidget.swift */ = {isa = PBXFileReference; lastKnownFileType = sourcecode.swift; path = StepBackWidget.swift; sourceTree = "<group>"; };
		D474DC4D2A508D0400EF8957 /* CommentWidget.swift */ = {isa = PBXFileReference; lastKnownFileType = sourcecode.swift; path = CommentWidget.swift; sourceTree = "<group>"; };
		D4929A8A2A6BA826005DF4A6 /* VideoFramePreferenceKey.swift */ = {isa = PBXFileReference; lastKnownFileType = sourcecode.swift; path = VideoFramePreferenceKey.swift; sourceTree = "<group>"; };
		D496040D2A4D224F00AD3FE6 /* TikTok-Example.app */ = {isa = PBXFileReference; explicitFileType = wrapper.application; includeInIndex = 0; path = "TikTok-Example.app"; sourceTree = BUILT_PRODUCTS_DIR; };
		D496040F2A4D224F00AD3FE6 /* ExampleApp.swift */ = {isa = PBXFileReference; lastKnownFileType = sourcecode.swift; path = ExampleApp.swift; sourceTree = "<group>"; };
		D49604112A4D224F00AD3FE6 /* ContentView.swift */ = {isa = PBXFileReference; lastKnownFileType = sourcecode.swift; path = ContentView.swift; sourceTree = "<group>"; };
		D49604132A4D225000AD3FE6 /* Assets.xcassets */ = {isa = PBXFileReference; lastKnownFileType = folder.assetcatalog; path = Assets.xcassets; sourceTree = "<group>"; };
		D49604162A4D225000AD3FE6 /* Preview Assets.xcassets */ = {isa = PBXFileReference; lastKnownFileType = folder.assetcatalog; path = "Preview Assets.xcassets"; sourceTree = "<group>"; };
		D496041F2A4D228700AD3FE6 /* Youtube-Example.app */ = {isa = PBXFileReference; explicitFileType = wrapper.application; includeInIndex = 0; path = "Youtube-Example.app"; sourceTree = BUILT_PRODUCTS_DIR; };
		D49604212A4D228700AD3FE6 /* ExampleApp.swift */ = {isa = PBXFileReference; lastKnownFileType = sourcecode.swift; path = ExampleApp.swift; sourceTree = "<group>"; };
		D49604232A4D228700AD3FE6 /* ContentView.swift */ = {isa = PBXFileReference; lastKnownFileType = sourcecode.swift; path = ContentView.swift; sourceTree = "<group>"; };
		D49604252A4D228800AD3FE6 /* Assets.xcassets */ = {isa = PBXFileReference; lastKnownFileType = folder.assetcatalog; path = Assets.xcassets; sourceTree = "<group>"; };
		D49604282A4D228800AD3FE6 /* Preview Assets.xcassets */ = {isa = PBXFileReference; lastKnownFileType = folder.assetcatalog; path = "Preview Assets.xcassets"; sourceTree = "<group>"; };
		D49604312A4D22AF00AD3FE6 /* Bilibili-Example.app */ = {isa = PBXFileReference; explicitFileType = wrapper.application; includeInIndex = 0; path = "Bilibili-Example.app"; sourceTree = BUILT_PRODUCTS_DIR; };
		D49604332A4D22AF00AD3FE6 /* ExampleApp.swift */ = {isa = PBXFileReference; lastKnownFileType = sourcecode.swift; path = ExampleApp.swift; sourceTree = "<group>"; };
		D49604352A4D22AF00AD3FE6 /* ContentView.swift */ = {isa = PBXFileReference; lastKnownFileType = sourcecode.swift; path = ContentView.swift; sourceTree = "<group>"; };
		D49604372A4D22B000AD3FE6 /* Assets.xcassets */ = {isa = PBXFileReference; lastKnownFileType = folder.assetcatalog; path = Assets.xcassets; sourceTree = "<group>"; };
		D496043A2A4D22B000AD3FE6 /* Preview Assets.xcassets */ = {isa = PBXFileReference; lastKnownFileType = folder.assetcatalog; path = "Preview Assets.xcassets"; sourceTree = "<group>"; };
		D49F20CD2A63FF4A0074D656 /* MessageWidget.swift */ = {isa = PBXFileReference; lastKnownFileType = sourcecode.swift; path = MessageWidget.swift; sourceTree = "<group>"; };
		D49F20CF2A6400810074D656 /* TitleWidget.swift */ = {isa = PBXFileReference; lastKnownFileType = sourcecode.swift; path = TitleWidget.swift; sourceTree = "<group>"; };
		D49F20D12A6400900074D656 /* DescriptionWidget.swift */ = {isa = PBXFileReference; lastKnownFileType = sourcecode.swift; path = DescriptionWidget.swift; sourceTree = "<group>"; };
		D49F20D32A6400970074D656 /* DataService.swift */ = {isa = PBXFileReference; lastKnownFileType = sourcecode.swift; path = DataService.swift; sourceTree = "<group>"; };
		D4A8FBE52A6A390400DBE29E /* VideoNavigation-Example.app */ = {isa = PBXFileReference; explicitFileType = wrapper.application; includeInIndex = 0; path = "VideoNavigation-Example.app"; sourceTree = BUILT_PRODUCTS_DIR; };
		D4A8FBE72A6A390500DBE29E /* ExampleApp.swift */ = {isa = PBXFileReference; lastKnownFileType = sourcecode.swift; path = ExampleApp.swift; sourceTree = "<group>"; };
		D4A8FBE92A6A390500DBE29E /* ContentView.swift */ = {isa = PBXFileReference; lastKnownFileType = sourcecode.swift; path = ContentView.swift; sourceTree = "<group>"; };
		D4A8FBEB2A6A390600DBE29E /* Assets.xcassets */ = {isa = PBXFileReference; lastKnownFileType = folder.assetcatalog; path = Assets.xcassets; sourceTree = "<group>"; };
		D4A8FBEE2A6A390600DBE29E /* Preview Assets.xcassets */ = {isa = PBXFileReference; lastKnownFileType = folder.assetcatalog; path = "Preview Assets.xcassets"; sourceTree = "<group>"; };
		D4A8FBF52A6A39DC00DBE29E /* Model.swift */ = {isa = PBXFileReference; lastKnownFileType = sourcecode.swift; path = Model.swift; sourceTree = "<group>"; };
		D4A8FBF72A6A3B5100DBE29E /* FeedsViewModel.swift */ = {isa = PBXFileReference; lastKnownFileType = sourcecode.swift; path = FeedsViewModel.swift; sourceTree = "<group>"; };
		D4A8FBF92A6A3C9800DBE29E /* feeds.json */ = {isa = PBXFileReference; lastKnownFileType = text.json; path = feeds.json; sourceTree = "<group>"; };
		D4A8FBFC2A6A61D000DBE29E /* PlaybackWidget.swift */ = {isa = PBXFileReference; fileEncoding = 4; lastKnownFileType = sourcecode.swift; path = PlaybackWidget.swift; sourceTree = "<group>"; };
		D4A8FBFE2A6A629D00DBE29E /* TimelineWidget.swift */ = {isa = PBXFileReference; fileEncoding = 4; lastKnownFileType = sourcecode.swift; path = TimelineWidget.swift; sourceTree = "<group>"; };
		D4A8FC002A6A6BBD00DBE29E /* LabelStyle.swift */ = {isa = PBXFileReference; lastKnownFileType = sourcecode.swift; path = LabelStyle.swift; sourceTree = "<group>"; };
		D4A8FC022A6A864200DBE29E /* VideoDetail.swift */ = {isa = PBXFileReference; lastKnownFileType = sourcecode.swift; path = VideoDetail.swift; sourceTree = "<group>"; };
		D4A8FC042A6A8DCD00DBE29E /* BackWidget.swift */ = {isa = PBXFileReference; lastKnownFileType = sourcecode.swift; path = BackWidget.swift; sourceTree = "<group>"; };
		D4A985492A657CCA00B42F39 /* QuickTime-Example.app */ = {isa = PBXFileReference; explicitFileType = wrapper.application; includeInIndex = 0; path = "QuickTime-Example.app"; sourceTree = BUILT_PRODUCTS_DIR; };
		D4A9854D2A657CCA00B42F39 /* ContentView.swift */ = {isa = PBXFileReference; lastKnownFileType = sourcecode.swift; path = ContentView.swift; sourceTree = "<group>"; };
		D4A9854F2A657CCA00B42F39 /* Assets.xcassets */ = {isa = PBXFileReference; lastKnownFileType = folder.assetcatalog; path = Assets.xcassets; sourceTree = "<group>"; };
		D4A985522A657CCA00B42F39 /* Preview Assets.xcassets */ = {isa = PBXFileReference; lastKnownFileType = folder.assetcatalog; path = "Preview Assets.xcassets"; sourceTree = "<group>"; };
		D4A985542A657CCA00B42F39 /* QuickTime_Example.entitlements */ = {isa = PBXFileReference; lastKnownFileType = text.plist.entitlements; path = QuickTime_Example.entitlements; sourceTree = "<group>"; };
		D4A985592A657CFD00B42F39 /* LoadingService.swift */ = {isa = PBXFileReference; fileEncoding = 4; lastKnownFileType = sourcecode.swift; path = LoadingService.swift; sourceTree = "<group>"; };
		D4A9855A2A657CFD00B42F39 /* SeekBarWidget.swift */ = {isa = PBXFileReference; fileEncoding = 4; lastKnownFileType = sourcecode.swift; path = SeekBarWidget.swift; sourceTree = "<group>"; };
		D4A9855B2A657CFD00B42F39 /* FloatControlOverlay.swift */ = {isa = PBXFileReference; fileEncoding = 4; lastKnownFileType = sourcecode.swift; path = FloatControlOverlay.swift; sourceTree = "<group>"; };
		D4A9855C2A657CFD00B42F39 /* PlaybackButtonWidget.swift */ = {isa = PBXFileReference; fileEncoding = 4; lastKnownFileType = sourcecode.swift; path = PlaybackButtonWidget.swift; sourceTree = "<group>"; };
		D4A9855D2A657CFD00B42F39 /* TimelineWidget.swift */ = {isa = PBXFileReference; fileEncoding = 4; lastKnownFileType = sourcecode.swift; path = TimelineWidget.swift; sourceTree = "<group>"; };
		D4A9855E2A657CFD00B42F39 /* DurationWidget.swift */ = {isa = PBXFileReference; fileEncoding = 4; lastKnownFileType = sourcecode.swift; path = DurationWidget.swift; sourceTree = "<group>"; };
		D4A9855F2A657CFD00B42F39 /* ExampleApp.swift */ = {isa = PBXFileReference; fileEncoding = 4; lastKnownFileType = sourcecode.swift; path = ExampleApp.swift; sourceTree = "<group>"; };
		D4A985602A657CFD00B42F39 /* MenuViewModel.swift */ = {isa = PBXFileReference; fileEncoding = 4; lastKnownFileType = sourcecode.swift; path = MenuViewModel.swift; sourceTree = "<group>"; };
		D4A985692A6580A600B42F39 /* VolumeWidget.swift */ = {isa = PBXFileReference; lastKnownFileType = sourcecode.swift; path = VolumeWidget.swift; sourceTree = "<group>"; };
		D4A9856B2A65837500B42F39 /* StepBackWidget.swift */ = {isa = PBXFileReference; fileEncoding = 4; lastKnownFileType = sourcecode.swift; path = StepBackWidget.swift; sourceTree = "<group>"; };
		D4A9856C2A65837500B42F39 /* StepForwardWidget.swift */ = {isa = PBXFileReference; fileEncoding = 4; lastKnownFileType = sourcecode.swift; path = StepForwardWidget.swift; sourceTree = "<group>"; };
		D4A9856F2A65842600B42F39 /* StatelessWidgets.swift */ = {isa = PBXFileReference; lastKnownFileType = sourcecode.swift; path = StatelessWidgets.swift; sourceTree = "<group>"; };
		D4C450912A4EE50B00731503 /* SeekBarWidget.swift */ = {isa = PBXFileReference; lastKnownFileType = sourcecode.swift; path = SeekBarWidget.swift; sourceTree = "<group>"; };
		D4C450932A4EE51F00731503 /* PlaybackService.swift */ = {isa = PBXFileReference; lastKnownFileType = sourcecode.swift; path = PlaybackService.swift; sourceTree = "<group>"; };
		D4CE6DEC2A62577E00DAF8A8 /* MockData.swift */ = {isa = PBXFileReference; lastKnownFileType = sourcecode.swift; path = MockData.swift; sourceTree = "<group>"; };
		D4DC26E32A663F950010780D /* SeekBarWidget.swift */ = {isa = PBXFileReference; fileEncoding = 4; lastKnownFileType = sourcecode.swift; path = SeekBarWidget.swift; sourceTree = "<group>"; };
		D4DC26E42A663F950010780D /* VolumeWidget.swift */ = {isa = PBXFileReference; fileEncoding = 4; lastKnownFileType = sourcecode.swift; path = VolumeWidget.swift; sourceTree = "<group>"; };
		D4DC26E52A663F950010780D /* StepForwardWidget.swift */ = {isa = PBXFileReference; fileEncoding = 4; lastKnownFileType = sourcecode.swift; path = StepForwardWidget.swift; sourceTree = "<group>"; };
		D4DC26E62A663F950010780D /* PlaybackButtonWidget.swift */ = {isa = PBXFileReference; fileEncoding = 4; lastKnownFileType = sourcecode.swift; path = PlaybackButtonWidget.swift; sourceTree = "<group>"; };
		D4DC26E72A663F950010780D /* StepBackWidget.swift */ = {isa = PBXFileReference; fileEncoding = 4; lastKnownFileType = sourcecode.swift; path = StepBackWidget.swift; sourceTree = "<group>"; };
		D4DC26E82A663F950010780D /* TimelineWidget.swift */ = {isa = PBXFileReference; fileEncoding = 4; lastKnownFileType = sourcecode.swift; path = TimelineWidget.swift; sourceTree = "<group>"; };
		D4DC26E92A663F950010780D /* DurationWidget.swift */ = {isa = PBXFileReference; fileEncoding = 4; lastKnownFileType = sourcecode.swift; path = DurationWidget.swift; sourceTree = "<group>"; };
		D4E9114A2A661A18002BED4A /* SystemVideoPlayer-Example.app */ = {isa = PBXFileReference; explicitFileType = wrapper.application; includeInIndex = 0; path = "SystemVideoPlayer-Example.app"; sourceTree = BUILT_PRODUCTS_DIR; };
		D4E9114C2A661A18002BED4A /* ExampleApp.swift */ = {isa = PBXFileReference; lastKnownFileType = sourcecode.swift; path = ExampleApp.swift; sourceTree = "<group>"; };
		D4E9114E2A661A18002BED4A /* ContentView.swift */ = {isa = PBXFileReference; lastKnownFileType = sourcecode.swift; path = ContentView.swift; sourceTree = "<group>"; };
		D4E911502A661A19002BED4A /* Assets.xcassets */ = {isa = PBXFileReference; lastKnownFileType = folder.assetcatalog; path = Assets.xcassets; sourceTree = "<group>"; };
		D4E911532A661A19002BED4A /* Preview Assets.xcassets */ = {isa = PBXFileReference; lastKnownFileType = folder.assetcatalog; path = "Preview Assets.xcassets"; sourceTree = "<group>"; };
		D4FAD5482A66430F00170073 /* StatelessWidgets.swift */ = {isa = PBXFileReference; fileEncoding = 4; lastKnownFileType = sourcecode.swift; path = StatelessWidgets.swift; sourceTree = "<group>"; };
		D4FAD54A2A66443E00170073 /* MoreWidget.swift */ = {isa = PBXFileReference; lastKnownFileType = sourcecode.swift; path = MoreWidget.swift; sourceTree = "<group>"; };
		D4FF0D732A695269008B2DFD /* Slider.swift */ = {isa = PBXFileReference; lastKnownFileType = sourcecode.swift; path = Slider.swift; sourceTree = "<group>"; };
/* End PBXFileReference section */

/* Begin PBXFrameworksBuildPhase section */
		D4061C212A4B257800CDD1FF /* Frameworks */ = {
			isa = PBXFrameworksBuildPhase;
			buildActionMask = 2147483647;
			files = (
			);
			runOnlyForDeploymentPostprocessing = 0;
		};
		D496040A2A4D224F00AD3FE6 /* Frameworks */ = {
			isa = PBXFrameworksBuildPhase;
			buildActionMask = 2147483647;
			files = (
				D4C450902A4ECFC300731503 /* VideoPlayerContainer.framework in Frameworks */,
			);
			runOnlyForDeploymentPostprocessing = 0;
		};
		D496041C2A4D228700AD3FE6 /* Frameworks */ = {
			isa = PBXFrameworksBuildPhase;
			buildActionMask = 2147483647;
			files = (
				D474DC4C2A50884300EF8957 /* VideoPlayerContainer.framework in Frameworks */,
			);
			runOnlyForDeploymentPostprocessing = 0;
		};
		D496042E2A4D22AF00AD3FE6 /* Frameworks */ = {
			isa = PBXFrameworksBuildPhase;
			buildActionMask = 2147483647;
			files = (
				D46141572A512D3000D84E62 /* VideoPlayerContainer.framework in Frameworks */,
			);
			runOnlyForDeploymentPostprocessing = 0;
		};
		D4A8FBE22A6A390400DBE29E /* Frameworks */ = {
			isa = PBXFrameworksBuildPhase;
			buildActionMask = 2147483647;
			files = (
			);
			runOnlyForDeploymentPostprocessing = 0;
		};
		D4A985462A657CCA00B42F39 /* Frameworks */ = {
			isa = PBXFrameworksBuildPhase;
			buildActionMask = 2147483647;
			files = (
			);
			runOnlyForDeploymentPostprocessing = 0;
		};
		D4E911472A661A18002BED4A /* Frameworks */ = {
			isa = PBXFrameworksBuildPhase;
			buildActionMask = 2147483647;
			files = (
			);
			runOnlyForDeploymentPostprocessing = 0;
		};
/* End PBXFrameworksBuildPhase section */

/* Begin PBXGroup section */
		D4061C252A4B257800CDD1FF /* Source */ = {
			isa = PBXGroup;
			children = (
				D4061C2E2A4B25B900CDD1FF /* Container */,
				D4061C312A4B25B900CDD1FF /* Core */,
				D4061C362A4B25B900CDD1FF /* Overlayer */,
				D4061C2B2A4B25B900CDD1FF /* Service */,
			);
			path = Source;
			sourceTree = "<group>";
		};
		D4061C2B2A4B25B900CDD1FF /* Service */ = {
			isa = PBXGroup;
			children = (
				D4061C2C2A4B25B900CDD1FF /* ViewSizeService.swift */,
				D4061C2D2A4B25B900CDD1FF /* StatusService.swift */,
			);
			path = Service;
			sourceTree = "<group>";
		};
		D4061C2E2A4B25B900CDD1FF /* Container */ = {
			isa = PBXGroup;
			children = (
				D4061C302A4B25B900CDD1FF /* PlayerWidget.swift */,
			);
			path = Container;
			sourceTree = "<group>";
		};
		D4061C312A4B25B900CDD1FF /* Core */ = {
			isa = PBXGroup;
			children = (
				D4061C322A4B25B900CDD1FF /* ViewState.swift */,
				D4061C332A4B25B900CDD1FF /* StateSync.swift */,
				D4061C342A4B25B900CDD1FF /* Service.swift */,
				D4061C352A4B25B900CDD1FF /* Context.swift */,
			);
			path = Core;
			sourceTree = "<group>";
		};
		D4061C362A4B25B900CDD1FF /* Overlayer */ = {
			isa = PBXGroup;
			children = (
				D4061C372A4B25B900CDD1FF /* ControlWidget.swift */,
				D4061C382A4B25B900CDD1FF /* ToastWidget.swift */,
				D4061C392A4B25B900CDD1FF /* PluginWidget.swift */,
				D4061C3A2A4B25B900CDD1FF /* FeatureWidget.swift */,
				D4061C3B2A4B25B900CDD1FF /* GestureWidget.swift */,
				D4061C3C2A4B25B900CDD1FF /* RenderWidget.swift */,
			);
			path = Overlayer;
			sourceTree = "<group>";
		};
		D43672002A5316E40083F9DD /* Resources */ = {
			isa = PBXGroup;
			children = (
				D43672022A5316E40083F9DD /* demo.mp4 */,
			);
			path = Resources;
			sourceTree = "<group>";
		};
		D496040E2A4D224F00AD3FE6 /* TikTok-Example */ = {
			isa = PBXGroup;
			children = (
				D496040F2A4D224F00AD3FE6 /* ExampleApp.swift */,
				D49604112A4D224F00AD3FE6 /* ContentView.swift */,
				D49604132A4D225000AD3FE6 /* Assets.xcassets */,
				D49604152A4D225000AD3FE6 /* Preview Content */,
				D4C450912A4EE50B00731503 /* SeekBarWidget.swift */,
				D4C450932A4EE51F00731503 /* PlaybackService.swift */,
				D4CE6DEC2A62577E00DAF8A8 /* MockData.swift */,
				D49F20CD2A63FF4A0074D656 /* MessageWidget.swift */,
				D49F20CF2A6400810074D656 /* TitleWidget.swift */,
				D49F20D12A6400900074D656 /* DescriptionWidget.swift */,
				D49F20D32A6400970074D656 /* DataService.swift */,
			);
			path = "TikTok-Example";
			sourceTree = "<group>";
		};
		D49604152A4D225000AD3FE6 /* Preview Content */ = {
			isa = PBXGroup;
			children = (
				D49604162A4D225000AD3FE6 /* Preview Assets.xcassets */,
			);
			path = "Preview Content";
			sourceTree = "<group>";
		};
		D49604202A4D228700AD3FE6 /* Youtube-Example */ = {
			isa = PBXGroup;
			children = (
				D474DC422A50694600EF8957 /* TimelineWidget.swift */,
				D474DC402A5067B300EF8957 /* SeekBarWidget.swift */,
				D49604212A4D228700AD3FE6 /* ExampleApp.swift */,
				D49604232A4D228700AD3FE6 /* ContentView.swift */,
				D49604252A4D228800AD3FE6 /* Assets.xcassets */,
				D49604272A4D228800AD3FE6 /* Preview Content */,
				D474DC442A5069E600EF8957 /* PlaybackWidget.swift */,
				D474DC462A506A0800EF8957 /* StepForwardWidget.swift */,
				D474DC482A506A1200EF8957 /* StepBackWidget.swift */,
				D474DC4D2A508D0400EF8957 /* CommentWidget.swift */,
				D41A3E002A5A586E0061C1AF /* StepService.swift */,
			);
			path = "Youtube-Example";
			sourceTree = "<group>";
		};
		D49604272A4D228800AD3FE6 /* Preview Content */ = {
			isa = PBXGroup;
			children = (
				D49604282A4D228800AD3FE6 /* Preview Assets.xcassets */,
			);
			path = "Preview Content";
			sourceTree = "<group>";
		};
		D49604322A4D22AF00AD3FE6 /* Bilibili-Example */ = {
			isa = PBXGroup;
			children = (
				D49604332A4D22AF00AD3FE6 /* ExampleApp.swift */,
				D49604352A4D22AF00AD3FE6 /* ContentView.swift */,
				D49604372A4D22B000AD3FE6 /* Assets.xcassets */,
				D49604392A4D22B000AD3FE6 /* Preview Content */,
				D46141582A51330A00D84E62 /* DanmakuWidget.swift */,
				D461415A2A51332300D84E62 /* PlaybackWidget.swift */,
				D461415C2A5133DE00D84E62 /* SeekBarWidget.swift */,
				D461415D2A5133DE00D84E62 /* TimelineWidget.swift */,
				D46141602A51341C00D84E62 /* DurationWidget.swift */,
			);
			path = "Bilibili-Example";
			sourceTree = "<group>";
		};
		D49604392A4D22B000AD3FE6 /* Preview Content */ = {
			isa = PBXGroup;
			children = (
				D496043A2A4D22B000AD3FE6 /* Preview Assets.xcassets */,
			);
			path = "Preview Content";
			sourceTree = "<group>";
		};
		D499860F2A389FEF00384185 = {
			isa = PBXGroup;
			children = (
				D43672002A5316E40083F9DD /* Resources */,
				D4061C252A4B257800CDD1FF /* Source */,
				D496040E2A4D224F00AD3FE6 /* TikTok-Example */,
				D49604202A4D228700AD3FE6 /* Youtube-Example */,
				D49604322A4D22AF00AD3FE6 /* Bilibili-Example */,
				D4A9854A2A657CCA00B42F39 /* QuickTime-Example */,
				D4E9114B2A661A18002BED4A /* SystemVideoPlayer-Example */,
				D4A8FBE62A6A390500DBE29E /* VideoNavigation-Example */,
				D49986192A389FEF00384185 /* Products */,
				D4FA61572A49D28E00B28EAE /* Frameworks */,
			);
			sourceTree = "<group>";
		};
		D49986192A389FEF00384185 /* Products */ = {
			isa = PBXGroup;
			children = (
				D4061C242A4B257800CDD1FF /* VideoPlayerContainer.framework */,
				D496040D2A4D224F00AD3FE6 /* TikTok-Example.app */,
				D496041F2A4D228700AD3FE6 /* Youtube-Example.app */,
				D49604312A4D22AF00AD3FE6 /* Bilibili-Example.app */,
				D4A985492A657CCA00B42F39 /* QuickTime-Example.app */,
				D4E9114A2A661A18002BED4A /* SystemVideoPlayer-Example.app */,
				D4A8FBE52A6A390400DBE29E /* VideoNavigation-Example.app */,
			);
			name = Products;
			sourceTree = "<group>";
		};
		D4A8FBE62A6A390500DBE29E /* VideoNavigation-Example */ = {
			isa = PBXGroup;
			children = (
				D4A8FBFC2A6A61D000DBE29E /* PlaybackWidget.swift */,
				D4A8FBFE2A6A629D00DBE29E /* TimelineWidget.swift */,
				D4A8FBE72A6A390500DBE29E /* ExampleApp.swift */,
				D4A8FBE92A6A390500DBE29E /* ContentView.swift */,
				D4A8FBEB2A6A390600DBE29E /* Assets.xcassets */,
				D4A8FBED2A6A390600DBE29E /* Preview Content */,
				D4A8FBF52A6A39DC00DBE29E /* Model.swift */,
				D4A8FBF72A6A3B5100DBE29E /* FeedsViewModel.swift */,
				D4A8FC002A6A6BBD00DBE29E /* LabelStyle.swift */,
				D4A8FBF92A6A3C9800DBE29E /* feeds.json */,
				D4A8FC022A6A864200DBE29E /* VideoDetail.swift */,
				D4A8FC042A6A8DCD00DBE29E /* BackWidget.swift */,
				D4929A8A2A6BA826005DF4A6 /* VideoFramePreferenceKey.swift */,
			);
			path = "VideoNavigation-Example";
			sourceTree = "<group>";
		};
		D4A8FBED2A6A390600DBE29E /* Preview Content */ = {
			isa = PBXGroup;
			children = (
				D4A8FBEE2A6A390600DBE29E /* Preview Assets.xcassets */,
			);
			path = "Preview Content";
			sourceTree = "<group>";
		};
		D4A9854A2A657CCA00B42F39 /* QuickTime-Example */ = {
			isa = PBXGroup;
			children = (
				D4A9855F2A657CFD00B42F39 /* ExampleApp.swift */,
				D4A985602A657CFD00B42F39 /* MenuViewModel.swift */,
				D4A985582A657CFD00B42F39 /* Widgets */,
				D4A9854D2A657CCA00B42F39 /* ContentView.swift */,
				D4A9854F2A657CCA00B42F39 /* Assets.xcassets */,
				D4A985542A657CCA00B42F39 /* QuickTime_Example.entitlements */,
				D4A985512A657CCA00B42F39 /* Preview Content */,
			);
			path = "QuickTime-Example";
			sourceTree = "<group>";
		};
		D4A985512A657CCA00B42F39 /* Preview Content */ = {
			isa = PBXGroup;
			children = (
				D4A985522A657CCA00B42F39 /* Preview Assets.xcassets */,
			);
			path = "Preview Content";
			sourceTree = "<group>";
		};
		D4A985582A657CFD00B42F39 /* Widgets */ = {
			isa = PBXGroup;
			children = (
				D4A9856B2A65837500B42F39 /* StepBackWidget.swift */,
				D4A9856C2A65837500B42F39 /* StepForwardWidget.swift */,
				D4A985592A657CFD00B42F39 /* LoadingService.swift */,
				D4A9855A2A657CFD00B42F39 /* SeekBarWidget.swift */,
				D4A9855B2A657CFD00B42F39 /* FloatControlOverlay.swift */,
				D4A9855C2A657CFD00B42F39 /* PlaybackButtonWidget.swift */,
				D4A9855D2A657CFD00B42F39 /* TimelineWidget.swift */,
				D4A9855E2A657CFD00B42F39 /* DurationWidget.swift */,
				D4A985692A6580A600B42F39 /* VolumeWidget.swift */,
				D4A9856F2A65842600B42F39 /* StatelessWidgets.swift */,
			);
			path = Widgets;
			sourceTree = "<group>";
		};
		D4DC26E22A663F950010780D /* Widgets */ = {
			isa = PBXGroup;
			children = (
				D4DC26E32A663F950010780D /* SeekBarWidget.swift */,
				D4DC26E42A663F950010780D /* VolumeWidget.swift */,
				D4DC26E52A663F950010780D /* StepForwardWidget.swift */,
				D4DC26E62A663F950010780D /* PlaybackButtonWidget.swift */,
				D4DC26E72A663F950010780D /* StepBackWidget.swift */,
				D4DC26E82A663F950010780D /* TimelineWidget.swift */,
				D4DC26E92A663F950010780D /* DurationWidget.swift */,
				D4FAD5482A66430F00170073 /* StatelessWidgets.swift */,
				D4FAD54A2A66443E00170073 /* MoreWidget.swift */,
				D43ACAF72A68391300F6E598 /* PiPWidget.swift */,
				D4FF0D732A695269008B2DFD /* Slider.swift */,
			);
			path = Widgets;
			sourceTree = "<group>";
		};
		D4E9114B2A661A18002BED4A /* SystemVideoPlayer-Example */ = {
			isa = PBXGroup;
			children = (
				D43ACAF92A68441B00F6E598 /* Info.plist */,
				D4DC26E22A663F950010780D /* Widgets */,
				D4E9114C2A661A18002BED4A /* ExampleApp.swift */,
				D4E9114E2A661A18002BED4A /* ContentView.swift */,
				D4E911502A661A19002BED4A /* Assets.xcassets */,
				D4E911522A661A19002BED4A /* Preview Content */,
			);
			path = "SystemVideoPlayer-Example";
			sourceTree = "<group>";
		};
		D4E911522A661A19002BED4A /* Preview Content */ = {
			isa = PBXGroup;
			children = (
				D4E911532A661A19002BED4A /* Preview Assets.xcassets */,
			);
			path = "Preview Content";
			sourceTree = "<group>";
		};
		D4FA61572A49D28E00B28EAE /* Frameworks */ = {
			isa = PBXGroup;
			children = (
			);
			name = Frameworks;
			sourceTree = "<group>";
		};
/* End PBXGroup section */

/* Begin PBXHeadersBuildPhase section */
		D4061C1F2A4B257800CDD1FF /* Headers */ = {
			isa = PBXHeadersBuildPhase;
			buildActionMask = 2147483647;
			files = (
			);
			runOnlyForDeploymentPostprocessing = 0;
		};
/* End PBXHeadersBuildPhase section */

/* Begin PBXNativeTarget section */
		D4061C232A4B257800CDD1FF /* VideoPlayerContainer */ = {
			isa = PBXNativeTarget;
			buildConfigurationList = D4061C282A4B257800CDD1FF /* Build configuration list for PBXNativeTarget "VideoPlayerContainer" */;
			buildPhases = (
				D4061C1F2A4B257800CDD1FF /* Headers */,
				D4061C202A4B257800CDD1FF /* Sources */,
				D4061C212A4B257800CDD1FF /* Frameworks */,
				D4061C222A4B257800CDD1FF /* Resources */,
			);
			buildRules = (
			);
			dependencies = (
			);
			name = VideoPlayerContainer;
			productName = VideoPlayerContainer;
			productReference = D4061C242A4B257800CDD1FF /* VideoPlayerContainer.framework */;
			productType = "com.apple.product-type.framework";
		};
		D496040C2A4D224F00AD3FE6 /* TikTok-Example */ = {
			isa = PBXNativeTarget;
			buildConfigurationList = D496041A2A4D225000AD3FE6 /* Build configuration list for PBXNativeTarget "TikTok-Example" */;
			buildPhases = (
				D49604092A4D224F00AD3FE6 /* Sources */,
				D496040A2A4D224F00AD3FE6 /* Frameworks */,
				D496040B2A4D224F00AD3FE6 /* Resources */,
			);
			buildRules = (
			);
			dependencies = (
				D4C4508F2A4ECFBC00731503 /* PBXTargetDependency */,
			);
			name = "TikTok-Example";
			productName = "TikTok-Example";
			productReference = D496040D2A4D224F00AD3FE6 /* TikTok-Example.app */;
			productType = "com.apple.product-type.application";
		};
		D496041E2A4D228700AD3FE6 /* Youtube-Example */ = {
			isa = PBXNativeTarget;
			buildConfigurationList = D496042A2A4D228800AD3FE6 /* Build configuration list for PBXNativeTarget "Youtube-Example" */;
			buildPhases = (
				D496041B2A4D228700AD3FE6 /* Sources */,
				D496041C2A4D228700AD3FE6 /* Frameworks */,
				D496041D2A4D228700AD3FE6 /* Resources */,
			);
			buildRules = (
			);
			dependencies = (
				D474DC4B2A50883F00EF8957 /* PBXTargetDependency */,
			);
			name = "Youtube-Example";
			productName = "Youtube-Example";
			productReference = D496041F2A4D228700AD3FE6 /* Youtube-Example.app */;
			productType = "com.apple.product-type.application";
		};
		D49604302A4D22AF00AD3FE6 /* Bilibili-Example */ = {
			isa = PBXNativeTarget;
			buildConfigurationList = D496043C2A4D22B000AD3FE6 /* Build configuration list for PBXNativeTarget "Bilibili-Example" */;
			buildPhases = (
				D496042D2A4D22AF00AD3FE6 /* Sources */,
				D496042E2A4D22AF00AD3FE6 /* Frameworks */,
				D496042F2A4D22AF00AD3FE6 /* Resources */,
			);
			buildRules = (
			);
			dependencies = (
				D46141562A512D2D00D84E62 /* PBXTargetDependency */,
			);
			name = "Bilibili-Example";
			productName = "Bilibili-Example";
			productReference = D49604312A4D22AF00AD3FE6 /* Bilibili-Example.app */;
			productType = "com.apple.product-type.application";
		};
		D4A8FBE42A6A390400DBE29E /* VideoNavigation-Example */ = {
			isa = PBXNativeTarget;
			buildConfigurationList = D4A8FBF22A6A390600DBE29E /* Build configuration list for PBXNativeTarget "VideoNavigation-Example" */;
			buildPhases = (
				D4A8FBE12A6A390400DBE29E /* Sources */,
				D4A8FBE22A6A390400DBE29E /* Frameworks */,
				D4A8FBE32A6A390400DBE29E /* Resources */,
			);
			buildRules = (
			);
			dependencies = (
				D4A8FBF42A6A391100DBE29E /* PBXTargetDependency */,
			);
			name = "VideoNavigation-Example";
			productName = "VideoNavigation-Example";
			productReference = D4A8FBE52A6A390400DBE29E /* VideoNavigation-Example.app */;
			productType = "com.apple.product-type.application";
		};
		D4A985482A657CCA00B42F39 /* QuickTime-Example */ = {
			isa = PBXNativeTarget;
			buildConfigurationList = D4A985552A657CCA00B42F39 /* Build configuration list for PBXNativeTarget "QuickTime-Example" */;
			buildPhases = (
				D4A985452A657CCA00B42F39 /* Sources */,
				D4A985462A657CCA00B42F39 /* Frameworks */,
				D4A985472A657CCA00B42F39 /* Resources */,
			);
			buildRules = (
			);
			dependencies = (
				D4A985722A6590C600B42F39 /* PBXTargetDependency */,
			);
			name = "QuickTime-Example";
			productName = "QuickTime-Example";
			productReference = D4A985492A657CCA00B42F39 /* QuickTime-Example.app */;
			productType = "com.apple.product-type.application";
		};
		D4E911492A661A18002BED4A /* SystemVideoPlayer-Example */ = {
			isa = PBXNativeTarget;
			buildConfigurationList = D4E911572A661A19002BED4A /* Build configuration list for PBXNativeTarget "SystemVideoPlayer-Example" */;
			buildPhases = (
				D4E911462A661A18002BED4A /* Sources */,
				D4E911472A661A18002BED4A /* Frameworks */,
				D4E911482A661A18002BED4A /* Resources */,
			);
			buildRules = (
			);
			dependencies = (
				D4E911592A661A29002BED4A /* PBXTargetDependency */,
			);
			name = "SystemVideoPlayer-Example";
			productName = "SystemVideoPlayer-Example";
			productReference = D4E9114A2A661A18002BED4A /* SystemVideoPlayer-Example.app */;
			productType = "com.apple.product-type.application";
		};
/* End PBXNativeTarget section */

/* Begin PBXProject section */
		D49986102A389FEF00384185 /* Project object */ = {
			isa = PBXProject;
			attributes = {
				BuildIndependentTargetsInParallel = 1;
				LastSwiftUpdateCheck = 1410;
				LastUpgradeCheck = 1410;
				TargetAttributes = {
					D4061C232A4B257800CDD1FF = {
						CreatedOnToolsVersion = 14.3.1;
					};
					D496040C2A4D224F00AD3FE6 = {
						CreatedOnToolsVersion = 14.3.1;
					};
					D496041E2A4D228700AD3FE6 = {
						CreatedOnToolsVersion = 14.3.1;
					};
					D49604302A4D22AF00AD3FE6 = {
						CreatedOnToolsVersion = 14.3.1;
					};
					D4A8FBE42A6A390400DBE29E = {
						CreatedOnToolsVersion = 14.1;
					};
					D4A985482A657CCA00B42F39 = {
						CreatedOnToolsVersion = 14.3.1;
					};
					D4E911492A661A18002BED4A = {
						CreatedOnToolsVersion = 14.3.1;
					};
				};
			};
			buildConfigurationList = D49986132A389FEF00384185 /* Build configuration list for PBXProject "VideoPlayer" */;
			compatibilityVersion = "Xcode 14.0";
			developmentRegion = en;
			hasScannedForEncodings = 0;
			knownRegions = (
				en,
				Base,
			);
			mainGroup = D499860F2A389FEF00384185;
			productRefGroup = D49986192A389FEF00384185 /* Products */;
			projectDirPath = "";
			projectRoot = "";
			targets = (
				D4061C232A4B257800CDD1FF /* VideoPlayerContainer */,
				D496040C2A4D224F00AD3FE6 /* TikTok-Example */,
				D496041E2A4D228700AD3FE6 /* Youtube-Example */,
				D49604302A4D22AF00AD3FE6 /* Bilibili-Example */,
				D4A985482A657CCA00B42F39 /* QuickTime-Example */,
				D4E911492A661A18002BED4A /* SystemVideoPlayer-Example */,
				D4A8FBE42A6A390400DBE29E /* VideoNavigation-Example */,
			);
		};
/* End PBXProject section */

/* Begin PBXResourcesBuildPhase section */
		D4061C222A4B257800CDD1FF /* Resources */ = {
			isa = PBXResourcesBuildPhase;
			buildActionMask = 2147483647;
			files = (
			);
			runOnlyForDeploymentPostprocessing = 0;
		};
		D496040B2A4D224F00AD3FE6 /* Resources */ = {
			isa = PBXResourcesBuildPhase;
			buildActionMask = 2147483647;
			files = (
				D43672062A53171A0083F9DD /* demo.mp4 in Resources */,
				D49604172A4D225000AD3FE6 /* Preview Assets.xcassets in Resources */,
				D49604142A4D225000AD3FE6 /* Assets.xcassets in Resources */,
			);
			runOnlyForDeploymentPostprocessing = 0;
		};
		D496041D2A4D228700AD3FE6 /* Resources */ = {
			isa = PBXResourcesBuildPhase;
			buildActionMask = 2147483647;
			files = (
				D43672072A53171D0083F9DD /* demo.mp4 in Resources */,
				D49604292A4D228800AD3FE6 /* Preview Assets.xcassets in Resources */,
				D49604262A4D228800AD3FE6 /* Assets.xcassets in Resources */,
			);
			runOnlyForDeploymentPostprocessing = 0;
		};
		D496042F2A4D22AF00AD3FE6 /* Resources */ = {
			isa = PBXResourcesBuildPhase;
			buildActionMask = 2147483647;
			files = (
				D43672082A5317200083F9DD /* demo.mp4 in Resources */,
				D496043B2A4D22B000AD3FE6 /* Preview Assets.xcassets in Resources */,
				D49604382A4D22B000AD3FE6 /* Assets.xcassets in Resources */,
			);
			runOnlyForDeploymentPostprocessing = 0;
		};
		D4A8FBE32A6A390400DBE29E /* Resources */ = {
			isa = PBXResourcesBuildPhase;
			buildActionMask = 2147483647;
			files = (
				D4A8FBFB2A6A606C00DBE29E /* demo.mp4 in Resources */,
				D4A8FBFA2A6A3EA700DBE29E /* feeds.json in Resources */,
				D4A8FBEF2A6A390600DBE29E /* Preview Assets.xcassets in Resources */,
				D4A8FBEC2A6A390600DBE29E /* Assets.xcassets in Resources */,
			);
			runOnlyForDeploymentPostprocessing = 0;
		};
		D4A985472A657CCA00B42F39 /* Resources */ = {
			isa = PBXResourcesBuildPhase;
			buildActionMask = 2147483647;
			files = (
				D4A985532A657CCA00B42F39 /* Preview Assets.xcassets in Resources */,
				D4A985502A657CCA00B42F39 /* Assets.xcassets in Resources */,
			);
			runOnlyForDeploymentPostprocessing = 0;
		};
		D4E911482A661A18002BED4A /* Resources */ = {
			isa = PBXResourcesBuildPhase;
			buildActionMask = 2147483647;
			files = (
				D4E9115A2A661D82002BED4A /* demo.mp4 in Resources */,
				D4E911542A661A19002BED4A /* Preview Assets.xcassets in Resources */,
				D4E911512A661A19002BED4A /* Assets.xcassets in Resources */,
			);
			runOnlyForDeploymentPostprocessing = 0;
		};
/* End PBXResourcesBuildPhase section */

/* Begin PBXSourcesBuildPhase section */
		D4061C202A4B257800CDD1FF /* Sources */ = {
			isa = PBXSourcesBuildPhase;
			buildActionMask = 2147483647;
			files = (
				D4061C492A4B25B900CDD1FF /* GestureWidget.swift in Sources */,
				D4061C452A4B25B900CDD1FF /* ControlWidget.swift in Sources */,
				D4061C3D2A4B25B900CDD1FF /* ViewSizeService.swift in Sources */,
				D4061C482A4B25B900CDD1FF /* FeatureWidget.swift in Sources */,
				D4061C432A4B25B900CDD1FF /* Service.swift in Sources */,
				D4061C462A4B25B900CDD1FF /* ToastWidget.swift in Sources */,
				D4061C472A4B25B900CDD1FF /* PluginWidget.swift in Sources */,
				D4061C3E2A4B25B900CDD1FF /* StatusService.swift in Sources */,
				D4061C422A4B25B900CDD1FF /* StateSync.swift in Sources */,
				D4061C4A2A4B25B900CDD1FF /* RenderWidget.swift in Sources */,
				D4061C412A4B25B900CDD1FF /* ViewState.swift in Sources */,
				D4061C442A4B25B900CDD1FF /* Context.swift in Sources */,
				D4061C402A4B25B900CDD1FF /* PlayerWidget.swift in Sources */,
			);
			runOnlyForDeploymentPostprocessing = 0;
		};
		D49604092A4D224F00AD3FE6 /* Sources */ = {
			isa = PBXSourcesBuildPhase;
			buildActionMask = 2147483647;
			files = (
				D49F20D42A6400970074D656 /* DataService.swift in Sources */,
				D4C450942A4EE51F00731503 /* PlaybackService.swift in Sources */,
				D49604122A4D224F00AD3FE6 /* ContentView.swift in Sources */,
				D49F20D22A6400900074D656 /* DescriptionWidget.swift in Sources */,
				D49604102A4D224F00AD3FE6 /* ExampleApp.swift in Sources */,
				D49F20CE2A63FF4A0074D656 /* MessageWidget.swift in Sources */,
				D4C450922A4EE50B00731503 /* SeekBarWidget.swift in Sources */,
				D49F20D02A6400810074D656 /* TitleWidget.swift in Sources */,
				D4CE6DED2A62577E00DAF8A8 /* MockData.swift in Sources */,
			);
			runOnlyForDeploymentPostprocessing = 0;
		};
		D496041B2A4D228700AD3FE6 /* Sources */ = {
			isa = PBXSourcesBuildPhase;
			buildActionMask = 2147483647;
			files = (
				D474DC492A506A1200EF8957 /* StepBackWidget.swift in Sources */,
				D49604242A4D228700AD3FE6 /* ContentView.swift in Sources */,
				D49604222A4D228700AD3FE6 /* ExampleApp.swift in Sources */,
				D474DC432A50694600EF8957 /* TimelineWidget.swift in Sources */,
				D474DC472A506A0800EF8957 /* StepForwardWidget.swift in Sources */,
				D474DC4E2A508D0400EF8957 /* CommentWidget.swift in Sources */,
				D474DC412A5067B300EF8957 /* SeekBarWidget.swift in Sources */,
				D41A3E012A5A586E0061C1AF /* StepService.swift in Sources */,
				D474DC452A5069E600EF8957 /* PlaybackWidget.swift in Sources */,
			);
			runOnlyForDeploymentPostprocessing = 0;
		};
		D496042D2A4D22AF00AD3FE6 /* Sources */ = {
			isa = PBXSourcesBuildPhase;
			buildActionMask = 2147483647;
			files = (
				D461415F2A5133DE00D84E62 /* TimelineWidget.swift in Sources */,
				D461415E2A5133DE00D84E62 /* SeekBarWidget.swift in Sources */,
				D49604362A4D22AF00AD3FE6 /* ContentView.swift in Sources */,
				D49604342A4D22AF00AD3FE6 /* ExampleApp.swift in Sources */,
				D461415B2A51332300D84E62 /* PlaybackWidget.swift in Sources */,
				D46141612A51341C00D84E62 /* DurationWidget.swift in Sources */,
				D46141592A51330A00D84E62 /* DanmakuWidget.swift in Sources */,
			);
			runOnlyForDeploymentPostprocessing = 0;
		};
		D4A8FBE12A6A390400DBE29E /* Sources */ = {
			isa = PBXSourcesBuildPhase;
			buildActionMask = 2147483647;
			files = (
				D4A8FBFF2A6A629D00DBE29E /* TimelineWidget.swift in Sources */,
				D4A8FBEA2A6A390500DBE29E /* ContentView.swift in Sources */,
				D4A8FC012A6A6BBD00DBE29E /* LabelStyle.swift in Sources */,
				D4A8FBF62A6A39DC00DBE29E /* Model.swift in Sources */,
				D4929A8B2A6BA826005DF4A6 /* VideoFramePreferenceKey.swift in Sources */,
				D4A8FC052A6A8DCD00DBE29E /* BackWidget.swift in Sources */,
				D4A8FBF82A6A3B5100DBE29E /* FeedsViewModel.swift in Sources */,
				D4A8FBE82A6A390500DBE29E /* ExampleApp.swift in Sources */,
				D4A8FC032A6A864200DBE29E /* VideoDetail.swift in Sources */,
				D4A8FBFD2A6A61D000DBE29E /* PlaybackWidget.swift in Sources */,
			);
			runOnlyForDeploymentPostprocessing = 0;
		};
		D4A985452A657CCA00B42F39 /* Sources */ = {
			isa = PBXSourcesBuildPhase;
			buildActionMask = 2147483647;
			files = (
				D4A9856D2A65837500B42F39 /* StepBackWidget.swift in Sources */,
				D4A985672A657CFD00B42F39 /* ExampleApp.swift in Sources */,
				D4A9856A2A6580A600B42F39 /* VolumeWidget.swift in Sources */,
				D4A9856E2A65837500B42F39 /* StepForwardWidget.swift in Sources */,
				D4A985652A657CFD00B42F39 /* TimelineWidget.swift in Sources */,
				D4A985612A657CFD00B42F39 /* LoadingService.swift in Sources */,
				D4A985682A657CFD00B42F39 /* MenuViewModel.swift in Sources */,
				D4A985632A657CFD00B42F39 /* FloatControlOverlay.swift in Sources */,
				D4A985642A657CFD00B42F39 /* PlaybackButtonWidget.swift in Sources */,
				D4A985702A65842600B42F39 /* StatelessWidgets.swift in Sources */,
				D4A9854E2A657CCA00B42F39 /* ContentView.swift in Sources */,
				D4A985662A657CFD00B42F39 /* DurationWidget.swift in Sources */,
				D4A985622A657CFD00B42F39 /* SeekBarWidget.swift in Sources */,
			);
			runOnlyForDeploymentPostprocessing = 0;
		};
		D4E911462A661A18002BED4A /* Sources */ = {
			isa = PBXSourcesBuildPhase;
			buildActionMask = 2147483647;
			files = (
				D4DC26EE2A663F950010780D /* StepBackWidget.swift in Sources */,
				D4DC26EC2A663F950010780D /* StepForwardWidget.swift in Sources */,
				D4DC26EF2A663F950010780D /* TimelineWidget.swift in Sources */,
				D4E9114F2A661A18002BED4A /* ContentView.swift in Sources */,
				D4DC26ED2A663F950010780D /* PlaybackButtonWidget.swift in Sources */,
				D4DC26EB2A663F950010780D /* VolumeWidget.swift in Sources */,
				D4FAD5492A66430F00170073 /* StatelessWidgets.swift in Sources */,
				D43ACAF82A68391300F6E598 /* PiPWidget.swift in Sources */,
				D4FAD54B2A66443E00170073 /* MoreWidget.swift in Sources */,
				D4DC26F02A663F950010780D /* DurationWidget.swift in Sources */,
				D4E9114D2A661A18002BED4A /* ExampleApp.swift in Sources */,
				D4DC26EA2A663F950010780D /* SeekBarWidget.swift in Sources */,
				D4FF0D742A695269008B2DFD /* Slider.swift in Sources */,
			);
			runOnlyForDeploymentPostprocessing = 0;
		};
/* End PBXSourcesBuildPhase section */

/* Begin PBXTargetDependency section */
		D46141562A512D2D00D84E62 /* PBXTargetDependency */ = {
			isa = PBXTargetDependency;
			target = D4061C232A4B257800CDD1FF /* VideoPlayerContainer */;
			targetProxy = D46141552A512D2D00D84E62 /* PBXContainerItemProxy */;
		};
		D474DC4B2A50883F00EF8957 /* PBXTargetDependency */ = {
			isa = PBXTargetDependency;
			target = D4061C232A4B257800CDD1FF /* VideoPlayerContainer */;
			targetProxy = D474DC4A2A50883F00EF8957 /* PBXContainerItemProxy */;
		};
		D4A8FBF42A6A391100DBE29E /* PBXTargetDependency */ = {
			isa = PBXTargetDependency;
			target = D4061C232A4B257800CDD1FF /* VideoPlayerContainer */;
			targetProxy = D4A8FBF32A6A391100DBE29E /* PBXContainerItemProxy */;
		};
		D4A985722A6590C600B42F39 /* PBXTargetDependency */ = {
			isa = PBXTargetDependency;
			target = D4061C232A4B257800CDD1FF /* VideoPlayerContainer */;
			targetProxy = D4A985712A6590C600B42F39 /* PBXContainerItemProxy */;
		};
		D4C4508F2A4ECFBC00731503 /* PBXTargetDependency */ = {
			isa = PBXTargetDependency;
			target = D4061C232A4B257800CDD1FF /* VideoPlayerContainer */;
			targetProxy = D4C4508E2A4ECFBC00731503 /* PBXContainerItemProxy */;
		};
		D4E911592A661A29002BED4A /* PBXTargetDependency */ = {
			isa = PBXTargetDependency;
			target = D4061C232A4B257800CDD1FF /* VideoPlayerContainer */;
			targetProxy = D4E911582A661A29002BED4A /* PBXContainerItemProxy */;
		};
/* End PBXTargetDependency section */

/* Begin XCBuildConfiguration section */
		D4061C292A4B257800CDD1FF /* Debug */ = {
			isa = XCBuildConfiguration;
			buildSettings = {
				CODE_SIGN_STYLE = Automatic;
				CURRENT_PROJECT_VERSION = 1;
				DEFINES_MODULE = YES;
				DEVELOPMENT_TEAM = 5V8DJBQ6XZ;
				DYLIB_COMPATIBILITY_VERSION = 1;
				DYLIB_CURRENT_VERSION = 1;
				DYLIB_INSTALL_NAME_BASE = "@rpath";
				ENABLE_MODULE_VERIFIER = YES;
				GENERATE_INFOPLIST_FILE = YES;
				INFOPLIST_KEY_NSHumanReadableCopyright = "";
				INSTALL_PATH = "$(LOCAL_LIBRARY_DIR)/Frameworks";
				IPHONEOS_DEPLOYMENT_TARGET = 16.0;
				LD_RUNPATH_SEARCH_PATHS = (
					"@executable_path/Frameworks",
					"@loader_path/Frameworks",
				);
				"LD_RUNPATH_SEARCH_PATHS[sdk=macosx*]" = (
					"@executable_path/../Frameworks",
					"@loader_path/Frameworks",
				);
				MACOSX_DEPLOYMENT_TARGET = 13.0;
				MARKETING_VERSION = 1.0;
				MODULE_VERIFIER_SUPPORTED_LANGUAGES = "objective-c objective-c++";
				MODULE_VERIFIER_SUPPORTED_LANGUAGE_STANDARDS = "gnu11 gnu++20";
				PRODUCT_BUNDLE_IDENTIFIER = com.shayanbo.videoplayercontainer.VideoPlayerContainer;
				PRODUCT_NAME = "$(TARGET_NAME:c99extidentifier)";
				SDKROOT = auto;
				SKIP_INSTALL = YES;
				SUPPORTED_PLATFORMS = "iphoneos iphonesimulator macosx";
				SWIFT_EMIT_LOC_STRINGS = YES;
				SWIFT_VERSION = 5.0;
				TARGETED_DEVICE_FAMILY = "1,2";
				VERSIONING_SYSTEM = "apple-generic";
				VERSION_INFO_PREFIX = "";
			};
			name = Debug;
		};
		D4061C2A2A4B257800CDD1FF /* Release */ = {
			isa = XCBuildConfiguration;
			buildSettings = {
				CODE_SIGN_STYLE = Automatic;
				CURRENT_PROJECT_VERSION = 1;
				DEFINES_MODULE = YES;
				DEVELOPMENT_TEAM = 5V8DJBQ6XZ;
				DYLIB_COMPATIBILITY_VERSION = 1;
				DYLIB_CURRENT_VERSION = 1;
				DYLIB_INSTALL_NAME_BASE = "@rpath";
				ENABLE_MODULE_VERIFIER = YES;
				GENERATE_INFOPLIST_FILE = YES;
				INFOPLIST_KEY_NSHumanReadableCopyright = "";
				INSTALL_PATH = "$(LOCAL_LIBRARY_DIR)/Frameworks";
				IPHONEOS_DEPLOYMENT_TARGET = 16.0;
				LD_RUNPATH_SEARCH_PATHS = (
					"@executable_path/Frameworks",
					"@loader_path/Frameworks",
				);
				"LD_RUNPATH_SEARCH_PATHS[sdk=macosx*]" = (
					"@executable_path/../Frameworks",
					"@loader_path/Frameworks",
				);
				MACOSX_DEPLOYMENT_TARGET = 13.0;
				MARKETING_VERSION = 1.0;
				MODULE_VERIFIER_SUPPORTED_LANGUAGES = "objective-c objective-c++";
				MODULE_VERIFIER_SUPPORTED_LANGUAGE_STANDARDS = "gnu11 gnu++20";
				PRODUCT_BUNDLE_IDENTIFIER = com.shayanbo.videoplayercontainer.VideoPlayerContainer;
				PRODUCT_NAME = "$(TARGET_NAME:c99extidentifier)";
				SDKROOT = auto;
				SKIP_INSTALL = YES;
				SUPPORTED_PLATFORMS = "iphoneos iphonesimulator macosx";
				SWIFT_EMIT_LOC_STRINGS = YES;
				SWIFT_VERSION = 5.0;
				TARGETED_DEVICE_FAMILY = "1,2";
				VERSIONING_SYSTEM = "apple-generic";
				VERSION_INFO_PREFIX = "";
			};
			name = Release;
		};
		D49604182A4D225000AD3FE6 /* Debug */ = {
			isa = XCBuildConfiguration;
			buildSettings = {
				ASSETCATALOG_COMPILER_APPICON_NAME = AppIcon;
				ASSETCATALOG_COMPILER_GLOBAL_ACCENT_COLOR_NAME = AccentColor;
				CODE_SIGN_STYLE = Automatic;
				CURRENT_PROJECT_VERSION = 1;
				DEVELOPMENT_ASSET_PATHS = "\"TikTok-Example/Preview Content\"";
				DEVELOPMENT_TEAM = 5V8DJBQ6XZ;
				ENABLE_PREVIEWS = YES;
				GENERATE_INFOPLIST_FILE = YES;
				INFOPLIST_KEY_UIApplicationSceneManifest_Generation = YES;
				INFOPLIST_KEY_UIApplicationSupportsIndirectInputEvents = YES;
				INFOPLIST_KEY_UILaunchScreen_Generation = YES;
				INFOPLIST_KEY_UISupportedInterfaceOrientations_iPad = "UIInterfaceOrientationPortrait UIInterfaceOrientationPortraitUpsideDown UIInterfaceOrientationLandscapeLeft UIInterfaceOrientationLandscapeRight";
				INFOPLIST_KEY_UISupportedInterfaceOrientations_iPhone = "UIInterfaceOrientationPortrait UIInterfaceOrientationLandscapeLeft UIInterfaceOrientationLandscapeRight";
				IPHONEOS_DEPLOYMENT_TARGET = 16.0;
				LD_RUNPATH_SEARCH_PATHS = (
					"$(inherited)",
					"@executable_path/Frameworks",
				);
				MARKETING_VERSION = 1.0;
				PRODUCT_BUNDLE_IDENTIFIER = "com.shayanbo.videoplayercontainer.TikTok-Example";
				PRODUCT_NAME = "$(TARGET_NAME)";
				SDKROOT = iphoneos;
				SWIFT_EMIT_LOC_STRINGS = YES;
				SWIFT_VERSION = 5.0;
				TARGETED_DEVICE_FAMILY = "1,2";
			};
			name = Debug;
		};
		D49604192A4D225000AD3FE6 /* Release */ = {
			isa = XCBuildConfiguration;
			buildSettings = {
				ASSETCATALOG_COMPILER_APPICON_NAME = AppIcon;
				ASSETCATALOG_COMPILER_GLOBAL_ACCENT_COLOR_NAME = AccentColor;
				CODE_SIGN_STYLE = Automatic;
				CURRENT_PROJECT_VERSION = 1;
				DEVELOPMENT_ASSET_PATHS = "\"TikTok-Example/Preview Content\"";
				DEVELOPMENT_TEAM = 5V8DJBQ6XZ;
				ENABLE_PREVIEWS = YES;
				GENERATE_INFOPLIST_FILE = YES;
				INFOPLIST_KEY_UIApplicationSceneManifest_Generation = YES;
				INFOPLIST_KEY_UIApplicationSupportsIndirectInputEvents = YES;
				INFOPLIST_KEY_UILaunchScreen_Generation = YES;
				INFOPLIST_KEY_UISupportedInterfaceOrientations_iPad = "UIInterfaceOrientationPortrait UIInterfaceOrientationPortraitUpsideDown UIInterfaceOrientationLandscapeLeft UIInterfaceOrientationLandscapeRight";
				INFOPLIST_KEY_UISupportedInterfaceOrientations_iPhone = "UIInterfaceOrientationPortrait UIInterfaceOrientationLandscapeLeft UIInterfaceOrientationLandscapeRight";
				IPHONEOS_DEPLOYMENT_TARGET = 16.0;
				LD_RUNPATH_SEARCH_PATHS = (
					"$(inherited)",
					"@executable_path/Frameworks",
				);
				MARKETING_VERSION = 1.0;
				PRODUCT_BUNDLE_IDENTIFIER = "com.shayanbo.videoplayercontainer.TikTok-Example";
				PRODUCT_NAME = "$(TARGET_NAME)";
				SDKROOT = iphoneos;
				SWIFT_EMIT_LOC_STRINGS = YES;
				SWIFT_VERSION = 5.0;
				TARGETED_DEVICE_FAMILY = "1,2";
			};
			name = Release;
		};
		D496042B2A4D228800AD3FE6 /* Debug */ = {
			isa = XCBuildConfiguration;
			buildSettings = {
				ASSETCATALOG_COMPILER_APPICON_NAME = AppIcon;
				ASSETCATALOG_COMPILER_GLOBAL_ACCENT_COLOR_NAME = AccentColor;
				CODE_SIGN_STYLE = Automatic;
				CURRENT_PROJECT_VERSION = 1;
				DEVELOPMENT_ASSET_PATHS = "\"Youtube-Example/Preview Content\"";
				DEVELOPMENT_TEAM = 5V8DJBQ6XZ;
				ENABLE_PREVIEWS = YES;
				GENERATE_INFOPLIST_FILE = YES;
				INFOPLIST_KEY_UIApplicationSceneManifest_Generation = YES;
				INFOPLIST_KEY_UIApplicationSupportsIndirectInputEvents = YES;
				INFOPLIST_KEY_UILaunchScreen_Generation = YES;
				INFOPLIST_KEY_UISupportedInterfaceOrientations = "UIInterfaceOrientationLandscapeLeft UIInterfaceOrientationLandscapeRight UIInterfaceOrientationPortrait UIInterfaceOrientationPortraitUpsideDown";
				IPHONEOS_DEPLOYMENT_TARGET = 16.0;
				LD_RUNPATH_SEARCH_PATHS = (
					"$(inherited)",
					"@executable_path/Frameworks",
				);
				MARKETING_VERSION = 1.0;
				PRODUCT_BUNDLE_IDENTIFIER = "com.shayanbo.videoplayercontainer.Youtube-Example";
				PRODUCT_NAME = "$(TARGET_NAME)";
				SDKROOT = iphoneos;
				SWIFT_EMIT_LOC_STRINGS = YES;
				SWIFT_VERSION = 5.0;
				TARGETED_DEVICE_FAMILY = "1,2";
			};
			name = Debug;
		};
		D496042C2A4D228800AD3FE6 /* Release */ = {
			isa = XCBuildConfiguration;
			buildSettings = {
				ASSETCATALOG_COMPILER_APPICON_NAME = AppIcon;
				ASSETCATALOG_COMPILER_GLOBAL_ACCENT_COLOR_NAME = AccentColor;
				CODE_SIGN_STYLE = Automatic;
				CURRENT_PROJECT_VERSION = 1;
				DEVELOPMENT_ASSET_PATHS = "\"Youtube-Example/Preview Content\"";
				DEVELOPMENT_TEAM = 5V8DJBQ6XZ;
				ENABLE_PREVIEWS = YES;
				GENERATE_INFOPLIST_FILE = YES;
				INFOPLIST_KEY_UIApplicationSceneManifest_Generation = YES;
				INFOPLIST_KEY_UIApplicationSupportsIndirectInputEvents = YES;
				INFOPLIST_KEY_UILaunchScreen_Generation = YES;
				INFOPLIST_KEY_UISupportedInterfaceOrientations = "UIInterfaceOrientationLandscapeLeft UIInterfaceOrientationLandscapeRight UIInterfaceOrientationPortrait UIInterfaceOrientationPortraitUpsideDown";
				IPHONEOS_DEPLOYMENT_TARGET = 16.0;
				LD_RUNPATH_SEARCH_PATHS = (
					"$(inherited)",
					"@executable_path/Frameworks",
				);
				MARKETING_VERSION = 1.0;
				PRODUCT_BUNDLE_IDENTIFIER = "com.shayanbo.videoplayercontainer.Youtube-Example";
				PRODUCT_NAME = "$(TARGET_NAME)";
				SDKROOT = iphoneos;
				SWIFT_EMIT_LOC_STRINGS = YES;
				SWIFT_VERSION = 5.0;
				TARGETED_DEVICE_FAMILY = "1,2";
			};
			name = Release;
		};
		D496043D2A4D22B000AD3FE6 /* Debug */ = {
			isa = XCBuildConfiguration;
			buildSettings = {
				ASSETCATALOG_COMPILER_APPICON_NAME = AppIcon;
				ASSETCATALOG_COMPILER_GLOBAL_ACCENT_COLOR_NAME = AccentColor;
				CODE_SIGN_STYLE = Automatic;
				CURRENT_PROJECT_VERSION = 1;
				DEVELOPMENT_ASSET_PATHS = "\"Bilibili-Example/Preview Content\"";
				DEVELOPMENT_TEAM = 5V8DJBQ6XZ;
				ENABLE_PREVIEWS = YES;
				GENERATE_INFOPLIST_FILE = YES;
				INFOPLIST_KEY_UIApplicationSceneManifest_Generation = YES;
				INFOPLIST_KEY_UIApplicationSupportsIndirectInputEvents = YES;
				INFOPLIST_KEY_UILaunchScreen_Generation = YES;
				INFOPLIST_KEY_UISupportedInterfaceOrientations = "UIInterfaceOrientationLandscapeLeft UIInterfaceOrientationLandscapeRight UIInterfaceOrientationPortrait UIInterfaceOrientationPortraitUpsideDown";
				IPHONEOS_DEPLOYMENT_TARGET = 16.0;
				LD_RUNPATH_SEARCH_PATHS = (
					"$(inherited)",
					"@executable_path/Frameworks",
				);
				MARKETING_VERSION = 1.0;
				PRODUCT_BUNDLE_IDENTIFIER = "com.shayanbo.videoplayercontainer.Bilibili-Example";
				PRODUCT_NAME = "$(TARGET_NAME)";
				SDKROOT = iphoneos;
				SWIFT_EMIT_LOC_STRINGS = YES;
				SWIFT_VERSION = 5.0;
				TARGETED_DEVICE_FAMILY = "1,2";
			};
			name = Debug;
		};
		D496043E2A4D22B000AD3FE6 /* Release */ = {
			isa = XCBuildConfiguration;
			buildSettings = {
				ASSETCATALOG_COMPILER_APPICON_NAME = AppIcon;
				ASSETCATALOG_COMPILER_GLOBAL_ACCENT_COLOR_NAME = AccentColor;
				CODE_SIGN_STYLE = Automatic;
				CURRENT_PROJECT_VERSION = 1;
				DEVELOPMENT_ASSET_PATHS = "\"Bilibili-Example/Preview Content\"";
				DEVELOPMENT_TEAM = 5V8DJBQ6XZ;
				ENABLE_PREVIEWS = YES;
				GENERATE_INFOPLIST_FILE = YES;
				INFOPLIST_KEY_UIApplicationSceneManifest_Generation = YES;
				INFOPLIST_KEY_UIApplicationSupportsIndirectInputEvents = YES;
				INFOPLIST_KEY_UILaunchScreen_Generation = YES;
				INFOPLIST_KEY_UISupportedInterfaceOrientations = "UIInterfaceOrientationLandscapeLeft UIInterfaceOrientationLandscapeRight UIInterfaceOrientationPortrait UIInterfaceOrientationPortraitUpsideDown";
				IPHONEOS_DEPLOYMENT_TARGET = 16.0;
				LD_RUNPATH_SEARCH_PATHS = (
					"$(inherited)",
					"@executable_path/Frameworks",
				);
				MARKETING_VERSION = 1.0;
				PRODUCT_BUNDLE_IDENTIFIER = "com.shayanbo.videoplayercontainer.Bilibili-Example";
				PRODUCT_NAME = "$(TARGET_NAME)";
				SDKROOT = iphoneos;
				SWIFT_EMIT_LOC_STRINGS = YES;
				SWIFT_VERSION = 5.0;
				TARGETED_DEVICE_FAMILY = "1,2";
			};
			name = Release;
		};
		D49986242A389FF000384185 /* Debug */ = {
			isa = XCBuildConfiguration;
			buildSettings = {
				ALWAYS_SEARCH_USER_PATHS = NO;
				CLANG_ANALYZER_NONNULL = YES;
				CLANG_ANALYZER_NUMBER_OBJECT_CONVERSION = YES_AGGRESSIVE;
				CLANG_CXX_LANGUAGE_STANDARD = "gnu++20";
				CLANG_ENABLE_MODULES = YES;
				CLANG_ENABLE_OBJC_ARC = YES;
				CLANG_ENABLE_OBJC_WEAK = YES;
				CLANG_WARN_BLOCK_CAPTURE_AUTORELEASING = YES;
				CLANG_WARN_BOOL_CONVERSION = YES;
				CLANG_WARN_COMMA = YES;
				CLANG_WARN_CONSTANT_CONVERSION = YES;
				CLANG_WARN_DEPRECATED_OBJC_IMPLEMENTATIONS = YES;
				CLANG_WARN_DIRECT_OBJC_ISA_USAGE = YES_ERROR;
				CLANG_WARN_DOCUMENTATION_COMMENTS = YES;
				CLANG_WARN_EMPTY_BODY = YES;
				CLANG_WARN_ENUM_CONVERSION = YES;
				CLANG_WARN_INFINITE_RECURSION = YES;
				CLANG_WARN_INT_CONVERSION = YES;
				CLANG_WARN_NON_LITERAL_NULL_CONVERSION = YES;
				CLANG_WARN_OBJC_IMPLICIT_RETAIN_SELF = YES;
				CLANG_WARN_OBJC_LITERAL_CONVERSION = YES;
				CLANG_WARN_OBJC_ROOT_CLASS = YES_ERROR;
				CLANG_WARN_QUOTED_INCLUDE_IN_FRAMEWORK_HEADER = YES;
				CLANG_WARN_RANGE_LOOP_ANALYSIS = YES;
				CLANG_WARN_STRICT_PROTOTYPES = YES;
				CLANG_WARN_SUSPICIOUS_MOVE = YES;
				CLANG_WARN_UNGUARDED_AVAILABILITY = YES_AGGRESSIVE;
				CLANG_WARN_UNREACHABLE_CODE = YES;
				CLANG_WARN__DUPLICATE_METHOD_MATCH = YES;
				COPY_PHASE_STRIP = NO;
				DEBUG_INFORMATION_FORMAT = dwarf;
				ENABLE_STRICT_OBJC_MSGSEND = YES;
				ENABLE_TESTABILITY = YES;
				GCC_C_LANGUAGE_STANDARD = gnu11;
				GCC_DYNAMIC_NO_PIC = NO;
				GCC_NO_COMMON_BLOCKS = YES;
				GCC_OPTIMIZATION_LEVEL = 0;
				GCC_PREPROCESSOR_DEFINITIONS = (
					"DEBUG=1",
					"$(inherited)",
				);
				GCC_WARN_64_TO_32_BIT_CONVERSION = YES;
				GCC_WARN_ABOUT_RETURN_TYPE = YES_ERROR;
				GCC_WARN_UNDECLARED_SELECTOR = YES;
				GCC_WARN_UNINITIALIZED_AUTOS = YES_AGGRESSIVE;
				GCC_WARN_UNUSED_FUNCTION = YES;
				GCC_WARN_UNUSED_VARIABLE = YES;
				IPHONEOS_DEPLOYMENT_TARGET = 16.0;
				MACOSX_DEPLOYMENT_TARGET = 13.0;
				MTL_ENABLE_DEBUG_INFO = INCLUDE_SOURCE;
				MTL_FAST_MATH = YES;
				ONLY_ACTIVE_ARCH = YES;
				SDKROOT = macosx13.3;
				SWIFT_ACTIVE_COMPILATION_CONDITIONS = DEBUG;
				SWIFT_OPTIMIZATION_LEVEL = "-Onone";
			};
			name = Debug;
		};
		D49986252A389FF000384185 /* Release */ = {
			isa = XCBuildConfiguration;
			buildSettings = {
				ALWAYS_SEARCH_USER_PATHS = NO;
				CLANG_ANALYZER_NONNULL = YES;
				CLANG_ANALYZER_NUMBER_OBJECT_CONVERSION = YES_AGGRESSIVE;
				CLANG_CXX_LANGUAGE_STANDARD = "gnu++20";
				CLANG_ENABLE_MODULES = YES;
				CLANG_ENABLE_OBJC_ARC = YES;
				CLANG_ENABLE_OBJC_WEAK = YES;
				CLANG_WARN_BLOCK_CAPTURE_AUTORELEASING = YES;
				CLANG_WARN_BOOL_CONVERSION = YES;
				CLANG_WARN_COMMA = YES;
				CLANG_WARN_CONSTANT_CONVERSION = YES;
				CLANG_WARN_DEPRECATED_OBJC_IMPLEMENTATIONS = YES;
				CLANG_WARN_DIRECT_OBJC_ISA_USAGE = YES_ERROR;
				CLANG_WARN_DOCUMENTATION_COMMENTS = YES;
				CLANG_WARN_EMPTY_BODY = YES;
				CLANG_WARN_ENUM_CONVERSION = YES;
				CLANG_WARN_INFINITE_RECURSION = YES;
				CLANG_WARN_INT_CONVERSION = YES;
				CLANG_WARN_NON_LITERAL_NULL_CONVERSION = YES;
				CLANG_WARN_OBJC_IMPLICIT_RETAIN_SELF = YES;
				CLANG_WARN_OBJC_LITERAL_CONVERSION = YES;
				CLANG_WARN_OBJC_ROOT_CLASS = YES_ERROR;
				CLANG_WARN_QUOTED_INCLUDE_IN_FRAMEWORK_HEADER = YES;
				CLANG_WARN_RANGE_LOOP_ANALYSIS = YES;
				CLANG_WARN_STRICT_PROTOTYPES = YES;
				CLANG_WARN_SUSPICIOUS_MOVE = YES;
				CLANG_WARN_UNGUARDED_AVAILABILITY = YES_AGGRESSIVE;
				CLANG_WARN_UNREACHABLE_CODE = YES;
				CLANG_WARN__DUPLICATE_METHOD_MATCH = YES;
				COPY_PHASE_STRIP = NO;
				DEBUG_INFORMATION_FORMAT = "dwarf-with-dsym";
				ENABLE_NS_ASSERTIONS = NO;
				ENABLE_STRICT_OBJC_MSGSEND = YES;
				GCC_C_LANGUAGE_STANDARD = gnu11;
				GCC_NO_COMMON_BLOCKS = YES;
				GCC_WARN_64_TO_32_BIT_CONVERSION = YES;
				GCC_WARN_ABOUT_RETURN_TYPE = YES_ERROR;
				GCC_WARN_UNDECLARED_SELECTOR = YES;
				GCC_WARN_UNINITIALIZED_AUTOS = YES_AGGRESSIVE;
				GCC_WARN_UNUSED_FUNCTION = YES;
				GCC_WARN_UNUSED_VARIABLE = YES;
				IPHONEOS_DEPLOYMENT_TARGET = 16.0;
				MACOSX_DEPLOYMENT_TARGET = 13.0;
				MTL_ENABLE_DEBUG_INFO = NO;
				MTL_FAST_MATH = YES;
				SDKROOT = macosx13.3;
				SWIFT_COMPILATION_MODE = wholemodule;
				SWIFT_OPTIMIZATION_LEVEL = "-O";
				VALIDATE_PRODUCT = YES;
			};
			name = Release;
		};
		D4A8FBF02A6A390600DBE29E /* Debug */ = {
			isa = XCBuildConfiguration;
			buildSettings = {
				ASSETCATALOG_COMPILER_APPICON_NAME = AppIcon;
				ASSETCATALOG_COMPILER_GLOBAL_ACCENT_COLOR_NAME = AccentColor;
				CODE_SIGN_STYLE = Automatic;
				CURRENT_PROJECT_VERSION = 1;
				DEVELOPMENT_ASSET_PATHS = "\"VideoNavigation-Example/Preview Content\"";
				DEVELOPMENT_TEAM = 5V8DJBQ6XZ;
				ENABLE_PREVIEWS = YES;
				GENERATE_INFOPLIST_FILE = YES;
				INFOPLIST_KEY_UIApplicationSceneManifest_Generation = YES;
				INFOPLIST_KEY_UIApplicationSupportsIndirectInputEvents = YES;
				INFOPLIST_KEY_UILaunchScreen_Generation = YES;
				INFOPLIST_KEY_UISupportedInterfaceOrientations_iPad = "UIInterfaceOrientationPortrait UIInterfaceOrientationPortraitUpsideDown UIInterfaceOrientationLandscapeLeft UIInterfaceOrientationLandscapeRight";
				INFOPLIST_KEY_UISupportedInterfaceOrientations_iPhone = "UIInterfaceOrientationPortrait UIInterfaceOrientationLandscapeLeft UIInterfaceOrientationLandscapeRight";
				IPHONEOS_DEPLOYMENT_TARGET = 16.1;
				LD_RUNPATH_SEARCH_PATHS = (
					"$(inherited)",
					"@executable_path/Frameworks",
				);
				MARKETING_VERSION = 1.0;
				PRODUCT_BUNDLE_IDENTIFIER = "com.shayanbo.VideoNavigation-Example";
				PRODUCT_NAME = "$(TARGET_NAME)";
				SDKROOT = iphoneos;
				SWIFT_EMIT_LOC_STRINGS = YES;
				SWIFT_VERSION = 5.0;
				TARGETED_DEVICE_FAMILY = "1,2";
			};
			name = Debug;
		};
		D4A8FBF12A6A390600DBE29E /* Release */ = {
			isa = XCBuildConfiguration;
			buildSettings = {
				ASSETCATALOG_COMPILER_APPICON_NAME = AppIcon;
				ASSETCATALOG_COMPILER_GLOBAL_ACCENT_COLOR_NAME = AccentColor;
				CODE_SIGN_STYLE = Automatic;
				CURRENT_PROJECT_VERSION = 1;
				DEVELOPMENT_ASSET_PATHS = "\"VideoNavigation-Example/Preview Content\"";
				DEVELOPMENT_TEAM = 5V8DJBQ6XZ;
				ENABLE_PREVIEWS = YES;
				GENERATE_INFOPLIST_FILE = YES;
				INFOPLIST_KEY_UIApplicationSceneManifest_Generation = YES;
				INFOPLIST_KEY_UIApplicationSupportsIndirectInputEvents = YES;
				INFOPLIST_KEY_UILaunchScreen_Generation = YES;
				INFOPLIST_KEY_UISupportedInterfaceOrientations_iPad = "UIInterfaceOrientationPortrait UIInterfaceOrientationPortraitUpsideDown UIInterfaceOrientationLandscapeLeft UIInterfaceOrientationLandscapeRight";
				INFOPLIST_KEY_UISupportedInterfaceOrientations_iPhone = "UIInterfaceOrientationPortrait UIInterfaceOrientationLandscapeLeft UIInterfaceOrientationLandscapeRight";
				IPHONEOS_DEPLOYMENT_TARGET = 16.1;
				LD_RUNPATH_SEARCH_PATHS = (
					"$(inherited)",
					"@executable_path/Frameworks",
				);
				MARKETING_VERSION = 1.0;
				PRODUCT_BUNDLE_IDENTIFIER = "com.shayanbo.VideoNavigation-Example";
				PRODUCT_NAME = "$(TARGET_NAME)";
				SDKROOT = iphoneos;
				SWIFT_EMIT_LOC_STRINGS = YES;
				SWIFT_VERSION = 5.0;
				TARGETED_DEVICE_FAMILY = "1,2";
			};
			name = Release;
		};
		D4A985562A657CCA00B42F39 /* Debug */ = {
			isa = XCBuildConfiguration;
			buildSettings = {
				ASSETCATALOG_COMPILER_APPICON_NAME = AppIcon;
				ASSETCATALOG_COMPILER_GLOBAL_ACCENT_COLOR_NAME = AccentColor;
				CODE_SIGN_ENTITLEMENTS = "QuickTime-Example/QuickTime_Example.entitlements";
				CODE_SIGN_STYLE = Automatic;
				COMBINE_HIDPI_IMAGES = YES;
				CURRENT_PROJECT_VERSION = 1;
				DEVELOPMENT_ASSET_PATHS = "\"QuickTime-Example/Preview Content\"";
				DEVELOPMENT_TEAM = 5V8DJBQ6XZ;
				ENABLE_HARDENED_RUNTIME = YES;
				ENABLE_PREVIEWS = YES;
				GENERATE_INFOPLIST_FILE = YES;
				INFOPLIST_KEY_NSHumanReadableCopyright = "";
				LD_RUNPATH_SEARCH_PATHS = (
					"$(inherited)",
					"@executable_path/../Frameworks",
				);
				MARKETING_VERSION = 1.0;
				PRODUCT_BUNDLE_IDENTIFIER = "com.shayanbo.videoplayercontainer.QuickTime-Example";
				PRODUCT_NAME = "$(TARGET_NAME)";
				SDKROOT = macosx;
				SWIFT_EMIT_LOC_STRINGS = YES;
				SWIFT_VERSION = 5.0;
			};
			name = Debug;
		};
		D4A985572A657CCA00B42F39 /* Release */ = {
			isa = XCBuildConfiguration;
			buildSettings = {
				ASSETCATALOG_COMPILER_APPICON_NAME = AppIcon;
				ASSETCATALOG_COMPILER_GLOBAL_ACCENT_COLOR_NAME = AccentColor;
				CODE_SIGN_ENTITLEMENTS = "QuickTime-Example/QuickTime_Example.entitlements";
				CODE_SIGN_STYLE = Automatic;
				COMBINE_HIDPI_IMAGES = YES;
				CURRENT_PROJECT_VERSION = 1;
				DEVELOPMENT_ASSET_PATHS = "\"QuickTime-Example/Preview Content\"";
				DEVELOPMENT_TEAM = 5V8DJBQ6XZ;
				ENABLE_HARDENED_RUNTIME = YES;
				ENABLE_PREVIEWS = YES;
				GENERATE_INFOPLIST_FILE = YES;
				INFOPLIST_KEY_NSHumanReadableCopyright = "";
				LD_RUNPATH_SEARCH_PATHS = (
					"$(inherited)",
					"@executable_path/../Frameworks",
				);
				MARKETING_VERSION = 1.0;
				PRODUCT_BUNDLE_IDENTIFIER = "com.shayanbo.videoplayercontainer.QuickTime-Example";
				PRODUCT_NAME = "$(TARGET_NAME)";
				SDKROOT = macosx;
				SWIFT_EMIT_LOC_STRINGS = YES;
				SWIFT_VERSION = 5.0;
			};
			name = Release;
		};
		D4E911552A661A19002BED4A /* Debug */ = {
			isa = XCBuildConfiguration;
			buildSettings = {
				ASSETCATALOG_COMPILER_APPICON_NAME = AppIcon;
				ASSETCATALOG_COMPILER_GLOBAL_ACCENT_COLOR_NAME = AccentColor;
				CODE_SIGN_STYLE = Automatic;
				CURRENT_PROJECT_VERSION = 1;
				DEVELOPMENT_ASSET_PATHS = "\"SystemVideoPlayer-Example/Preview Content\"";
				DEVELOPMENT_TEAM = 5V8DJBQ6XZ;
				ENABLE_PREVIEWS = YES;
				GENERATE_INFOPLIST_FILE = YES;
				INFOPLIST_FILE = "SystemVideoPlayer-Example/Info.plist";
				INFOPLIST_KEY_UIApplicationSceneManifest_Generation = YES;
				INFOPLIST_KEY_UIApplicationSupportsIndirectInputEvents = YES;
				INFOPLIST_KEY_UILaunchScreen_Generation = YES;
				INFOPLIST_KEY_UISupportedInterfaceOrientations_iPad = "UIInterfaceOrientationPortrait UIInterfaceOrientationPortraitUpsideDown UIInterfaceOrientationLandscapeLeft UIInterfaceOrientationLandscapeRight";
				INFOPLIST_KEY_UISupportedInterfaceOrientations_iPhone = "UIInterfaceOrientationPortrait UIInterfaceOrientationLandscapeLeft UIInterfaceOrientationLandscapeRight";
				IPHONEOS_DEPLOYMENT_TARGET = 16.0;
				LD_RUNPATH_SEARCH_PATHS = (
					"$(inherited)",
					"@executable_path/Frameworks",
				);
				MARKETING_VERSION = 1.0;
				PRODUCT_BUNDLE_IDENTIFIER = "com.shayanbo.videoplayercontainer.SystemVideoPlayer-Example";
				PRODUCT_NAME = "$(TARGET_NAME)";
				SDKROOT = iphoneos;
				SWIFT_EMIT_LOC_STRINGS = YES;
				SWIFT_VERSION = 5.0;
				TARGETED_DEVICE_FAMILY = "1,2";
			};
			name = Debug;
		};
		D4E911562A661A19002BED4A /* Release */ = {
			isa = XCBuildConfiguration;
			buildSettings = {
				ASSETCATALOG_COMPILER_APPICON_NAME = AppIcon;
				ASSETCATALOG_COMPILER_GLOBAL_ACCENT_COLOR_NAME = AccentColor;
				CODE_SIGN_STYLE = Automatic;
				CURRENT_PROJECT_VERSION = 1;
				DEVELOPMENT_ASSET_PATHS = "\"SystemVideoPlayer-Example/Preview Content\"";
				DEVELOPMENT_TEAM = 5V8DJBQ6XZ;
				ENABLE_PREVIEWS = YES;
				GENERATE_INFOPLIST_FILE = YES;
				INFOPLIST_FILE = "SystemVideoPlayer-Example/Info.plist";
				INFOPLIST_KEY_UIApplicationSceneManifest_Generation = YES;
				INFOPLIST_KEY_UIApplicationSupportsIndirectInputEvents = YES;
				INFOPLIST_KEY_UILaunchScreen_Generation = YES;
				INFOPLIST_KEY_UISupportedInterfaceOrientations_iPad = "UIInterfaceOrientationPortrait UIInterfaceOrientationPortraitUpsideDown UIInterfaceOrientationLandscapeLeft UIInterfaceOrientationLandscapeRight";
				INFOPLIST_KEY_UISupportedInterfaceOrientations_iPhone = "UIInterfaceOrientationPortrait UIInterfaceOrientationLandscapeLeft UIInterfaceOrientationLandscapeRight";
				IPHONEOS_DEPLOYMENT_TARGET = 16.0;
				LD_RUNPATH_SEARCH_PATHS = (
					"$(inherited)",
					"@executable_path/Frameworks",
				);
				MARKETING_VERSION = 1.0;
				PRODUCT_BUNDLE_IDENTIFIER = "com.shayanbo.videoplayercontainer.SystemVideoPlayer-Example";
				PRODUCT_NAME = "$(TARGET_NAME)";
				SDKROOT = iphoneos;
				SWIFT_EMIT_LOC_STRINGS = YES;
				SWIFT_VERSION = 5.0;
				TARGETED_DEVICE_FAMILY = "1,2";
			};
			name = Release;
		};
/* End XCBuildConfiguration section */

/* Begin XCConfigurationList section */
		D4061C282A4B257800CDD1FF /* Build configuration list for PBXNativeTarget "VideoPlayerContainer" */ = {
			isa = XCConfigurationList;
			buildConfigurations = (
				D4061C292A4B257800CDD1FF /* Debug */,
				D4061C2A2A4B257800CDD1FF /* Release */,
			);
			defaultConfigurationIsVisible = 0;
			defaultConfigurationName = Release;
		};
		D496041A2A4D225000AD3FE6 /* Build configuration list for PBXNativeTarget "TikTok-Example" */ = {
			isa = XCConfigurationList;
			buildConfigurations = (
				D49604182A4D225000AD3FE6 /* Debug */,
				D49604192A4D225000AD3FE6 /* Release */,
			);
			defaultConfigurationIsVisible = 0;
			defaultConfigurationName = Release;
		};
		D496042A2A4D228800AD3FE6 /* Build configuration list for PBXNativeTarget "Youtube-Example" */ = {
			isa = XCConfigurationList;
			buildConfigurations = (
				D496042B2A4D228800AD3FE6 /* Debug */,
				D496042C2A4D228800AD3FE6 /* Release */,
			);
			defaultConfigurationIsVisible = 0;
			defaultConfigurationName = Release;
		};
		D496043C2A4D22B000AD3FE6 /* Build configuration list for PBXNativeTarget "Bilibili-Example" */ = {
			isa = XCConfigurationList;
			buildConfigurations = (
				D496043D2A4D22B000AD3FE6 /* Debug */,
				D496043E2A4D22B000AD3FE6 /* Release */,
			);
			defaultConfigurationIsVisible = 0;
			defaultConfigurationName = Release;
		};
		D49986132A389FEF00384185 /* Build configuration list for PBXProject "VideoPlayer" */ = {
			isa = XCConfigurationList;
			buildConfigurations = (
				D49986242A389FF000384185 /* Debug */,
				D49986252A389FF000384185 /* Release */,
			);
			defaultConfigurationIsVisible = 0;
			defaultConfigurationName = Release;
		};
		D4A8FBF22A6A390600DBE29E /* Build configuration list for PBXNativeTarget "VideoNavigation-Example" */ = {
			isa = XCConfigurationList;
			buildConfigurations = (
				D4A8FBF02A6A390600DBE29E /* Debug */,
				D4A8FBF12A6A390600DBE29E /* Release */,
			);
			defaultConfigurationIsVisible = 0;
			defaultConfigurationName = Release;
		};
		D4A985552A657CCA00B42F39 /* Build configuration list for PBXNativeTarget "QuickTime-Example" */ = {
			isa = XCConfigurationList;
			buildConfigurations = (
				D4A985562A657CCA00B42F39 /* Debug */,
				D4A985572A657CCA00B42F39 /* Release */,
			);
			defaultConfigurationIsVisible = 0;
			defaultConfigurationName = Release;
		};
		D4E911572A661A19002BED4A /* Build configuration list for PBXNativeTarget "SystemVideoPlayer-Example" */ = {
			isa = XCConfigurationList;
			buildConfigurations = (
				D4E911552A661A19002BED4A /* Debug */,
				D4E911562A661A19002BED4A /* Release */,
			);
			defaultConfigurationIsVisible = 0;
			defaultConfigurationName = Release;
		};
/* End XCConfigurationList section */
	};
	rootObject = D49986102A389FEF00384185 /* Project object */;
}
