// !$*UTF8*$!
{
	archiveVersion = 1;
	classes = {
	};
	objectVersion = 56;
	objects = {

/* Begin PBXBuildFile section */
		D402B00A2A413468007FCD64 /* TitleWidget.swift in Sources */ = {isa = PBXBuildFile; fileRef = D402B0092A413468007FCD64 /* TitleWidget.swift */; };
		D421981E2A45B79B00BDE828 /* BackButtonWidget.swift in Sources */ = {isa = PBXBuildFile; fileRef = D421981D2A45B79B00BDE828 /* BackButtonWidget.swift */; };
		D42198222A45BAD700BDE828 /* MoreButtonWidget.swift in Sources */ = {isa = PBXBuildFile; fileRef = D42198212A45BAD700BDE828 /* MoreButtonWidget.swift */; };
		D44A67152A41DEDF00F3FD2D /* StatusService.swift in Sources */ = {isa = PBXBuildFile; fileRef = D44A67142A41DEDF00F3FD2D /* StatusService.swift */; };
		D482AB442A44882300CCC65E /* ViewState.swift in Sources */ = {isa = PBXBuildFile; fileRef = D482AB432A44882300CCC65E /* ViewState.swift */; };
		D482AB462A44882C00CCC65E /* StateSync.swift in Sources */ = {isa = PBXBuildFile; fileRef = D482AB452A44882C00CCC65E /* StateSync.swift */; };
		D482AB482A44883400CCC65E /* Context.swift in Sources */ = {isa = PBXBuildFile; fileRef = D482AB472A44883400CCC65E /* Context.swift */; };
		D482AB4A2A44883900CCC65E /* Service.swift in Sources */ = {isa = PBXBuildFile; fileRef = D482AB492A44883900CCC65E /* Service.swift */; };
		D482AB502A449B5800CCC65E /* PlayerWidget.swift in Sources */ = {isa = PBXBuildFile; fileRef = D482AB4F2A449B5800CCC65E /* PlayerWidget.swift */; };
		D482AB522A44C09900CCC65E /* ContextBinder.swift in Sources */ = {isa = PBXBuildFile; fileRef = D482AB512A44C09900CCC65E /* ContextBinder.swift */; };
		D499861C2A389FEF00384185 /* PlayerViewApp.swift in Sources */ = {isa = PBXBuildFile; fileRef = D499861B2A389FEF00384185 /* PlayerViewApp.swift */; };
		D499861E2A389FEF00384185 /* ContentView.swift in Sources */ = {isa = PBXBuildFile; fileRef = D499861D2A389FEF00384185 /* ContentView.swift */; };
		D49986202A389FF000384185 /* Assets.xcassets in Resources */ = {isa = PBXBuildFile; fileRef = D499861F2A389FF000384185 /* Assets.xcassets */; };
		D49986232A389FF000384185 /* Preview Assets.xcassets in Resources */ = {isa = PBXBuildFile; fileRef = D49986222A389FF000384185 /* Preview Assets.xcassets */; };
		D4A8761F2A468B290006D717 /* ControlWidget.swift in Sources */ = {isa = PBXBuildFile; fileRef = D4A8761A2A468B290006D717 /* ControlWidget.swift */; };
		D4A876202A468B290006D717 /* PluginWidget.swift in Sources */ = {isa = PBXBuildFile; fileRef = D4A8761B2A468B290006D717 /* PluginWidget.swift */; };
		D4A876212A468B290006D717 /* RenderWidget.swift in Sources */ = {isa = PBXBuildFile; fileRef = D4A8761C2A468B290006D717 /* RenderWidget.swift */; };
		D4A876222A468B290006D717 /* FeatureWidget.swift in Sources */ = {isa = PBXBuildFile; fileRef = D4A8761D2A468B290006D717 /* FeatureWidget.swift */; };
		D4A876232A468B290006D717 /* ToastWidget.swift in Sources */ = {isa = PBXBuildFile; fileRef = D4A8761E2A468B290006D717 /* ToastWidget.swift */; };
		D4D839832A403E1A00DD3C70 /* PlaybackButtonWidget.swift in Sources */ = {isa = PBXBuildFile; fileRef = D4D839822A403E1A00DD3C70 /* PlaybackButtonWidget.swift */; };
		D4D839852A403E2600DD3C70 /* ProgressWidget.swift in Sources */ = {isa = PBXBuildFile; fileRef = D4D839842A403E2600DD3C70 /* ProgressWidget.swift */; };
		D4D839872A403E3100DD3C70 /* TimelineWidget.swift in Sources */ = {isa = PBXBuildFile; fileRef = D4D839862A403E3100DD3C70 /* TimelineWidget.swift */; };
		D4D839A52A403F2000DD3C70 /* GestureService.swift in Sources */ = {isa = PBXBuildFile; fileRef = D4D8399A2A403F2000DD3C70 /* GestureService.swift */; };
		D4D839AE2A40878800DD3C70 /* ViewSizeService.swift in Sources */ = {isa = PBXBuildFile; fileRef = D4D839AD2A40878800DD3C70 /* ViewSizeService.swift */; };
		D4FBD69C2A48313C008C00D0 /* LoadingService.swift in Sources */ = {isa = PBXBuildFile; fileRef = D4FBD69B2A48313C008C00D0 /* LoadingService.swift */; };
/* End PBXBuildFile section */

/* Begin PBXFileReference section */
		D402B0092A413468007FCD64 /* TitleWidget.swift */ = {isa = PBXFileReference; lastKnownFileType = sourcecode.swift; path = TitleWidget.swift; sourceTree = "<group>"; };
		D421981D2A45B79B00BDE828 /* BackButtonWidget.swift */ = {isa = PBXFileReference; lastKnownFileType = sourcecode.swift; path = BackButtonWidget.swift; sourceTree = "<group>"; };
		D42198212A45BAD700BDE828 /* MoreButtonWidget.swift */ = {isa = PBXFileReference; lastKnownFileType = sourcecode.swift; path = MoreButtonWidget.swift; sourceTree = "<group>"; };
		D44A67142A41DEDF00F3FD2D /* StatusService.swift */ = {isa = PBXFileReference; lastKnownFileType = sourcecode.swift; path = StatusService.swift; sourceTree = "<group>"; };
		D482AB432A44882300CCC65E /* ViewState.swift */ = {isa = PBXFileReference; lastKnownFileType = sourcecode.swift; path = ViewState.swift; sourceTree = "<group>"; };
		D482AB452A44882C00CCC65E /* StateSync.swift */ = {isa = PBXFileReference; lastKnownFileType = sourcecode.swift; path = StateSync.swift; sourceTree = "<group>"; };
		D482AB472A44883400CCC65E /* Context.swift */ = {isa = PBXFileReference; lastKnownFileType = sourcecode.swift; path = Context.swift; sourceTree = "<group>"; };
		D482AB492A44883900CCC65E /* Service.swift */ = {isa = PBXFileReference; lastKnownFileType = sourcecode.swift; path = Service.swift; sourceTree = "<group>"; };
		D482AB4F2A449B5800CCC65E /* PlayerWidget.swift */ = {isa = PBXFileReference; fileEncoding = 4; lastKnownFileType = sourcecode.swift; path = PlayerWidget.swift; sourceTree = "<group>"; };
		D482AB512A44C09900CCC65E /* ContextBinder.swift */ = {isa = PBXFileReference; lastKnownFileType = sourcecode.swift; path = ContextBinder.swift; sourceTree = "<group>"; };
		D49986182A389FEF00384185 /* PlayerView.app */ = {isa = PBXFileReference; explicitFileType = wrapper.application; includeInIndex = 0; path = PlayerView.app; sourceTree = BUILT_PRODUCTS_DIR; };
		D499861B2A389FEF00384185 /* PlayerViewApp.swift */ = {isa = PBXFileReference; lastKnownFileType = sourcecode.swift; path = PlayerViewApp.swift; sourceTree = "<group>"; };
		D499861D2A389FEF00384185 /* ContentView.swift */ = {isa = PBXFileReference; lastKnownFileType = sourcecode.swift; path = ContentView.swift; sourceTree = "<group>"; };
		D499861F2A389FF000384185 /* Assets.xcassets */ = {isa = PBXFileReference; lastKnownFileType = folder.assetcatalog; path = Assets.xcassets; sourceTree = "<group>"; };
		D49986222A389FF000384185 /* Preview Assets.xcassets */ = {isa = PBXFileReference; lastKnownFileType = folder.assetcatalog; path = "Preview Assets.xcassets"; sourceTree = "<group>"; };
		D4A8761A2A468B290006D717 /* ControlWidget.swift */ = {isa = PBXFileReference; fileEncoding = 4; lastKnownFileType = sourcecode.swift; path = ControlWidget.swift; sourceTree = "<group>"; };
		D4A8761B2A468B290006D717 /* PluginWidget.swift */ = {isa = PBXFileReference; fileEncoding = 4; lastKnownFileType = sourcecode.swift; path = PluginWidget.swift; sourceTree = "<group>"; };
		D4A8761C2A468B290006D717 /* RenderWidget.swift */ = {isa = PBXFileReference; fileEncoding = 4; lastKnownFileType = sourcecode.swift; path = RenderWidget.swift; sourceTree = "<group>"; };
		D4A8761D2A468B290006D717 /* FeatureWidget.swift */ = {isa = PBXFileReference; fileEncoding = 4; lastKnownFileType = sourcecode.swift; path = FeatureWidget.swift; sourceTree = "<group>"; };
		D4A8761E2A468B290006D717 /* ToastWidget.swift */ = {isa = PBXFileReference; fileEncoding = 4; lastKnownFileType = sourcecode.swift; path = ToastWidget.swift; sourceTree = "<group>"; };
		D4D839822A403E1A00DD3C70 /* PlaybackButtonWidget.swift */ = {isa = PBXFileReference; lastKnownFileType = sourcecode.swift; path = PlaybackButtonWidget.swift; sourceTree = "<group>"; };
		D4D839842A403E2600DD3C70 /* ProgressWidget.swift */ = {isa = PBXFileReference; lastKnownFileType = sourcecode.swift; path = ProgressWidget.swift; sourceTree = "<group>"; };
		D4D839862A403E3100DD3C70 /* TimelineWidget.swift */ = {isa = PBXFileReference; lastKnownFileType = sourcecode.swift; path = TimelineWidget.swift; sourceTree = "<group>"; };
		D4D8399A2A403F2000DD3C70 /* GestureService.swift */ = {isa = PBXFileReference; fileEncoding = 4; lastKnownFileType = sourcecode.swift; path = GestureService.swift; sourceTree = "<group>"; };
		D4D839AD2A40878800DD3C70 /* ViewSizeService.swift */ = {isa = PBXFileReference; lastKnownFileType = sourcecode.swift; path = ViewSizeService.swift; sourceTree = "<group>"; };
		D4FBD69B2A48313C008C00D0 /* LoadingService.swift */ = {isa = PBXFileReference; lastKnownFileType = sourcecode.swift; path = LoadingService.swift; sourceTree = "<group>"; };
/* End PBXFileReference section */

/* Begin PBXFrameworksBuildPhase section */
		D49986152A389FEF00384185 /* Frameworks */ = {
			isa = PBXFrameworksBuildPhase;
			buildActionMask = 2147483647;
			files = (
			);
			runOnlyForDeploymentPostprocessing = 0;
		};
/* End PBXFrameworksBuildPhase section */

/* Begin PBXGroup section */
		D482AB4E2A449B5800CCC65E /* Container */ = {
			isa = PBXGroup;
			children = (
				D482AB4F2A449B5800CCC65E /* PlayerWidget.swift */,
				D482AB512A44C09900CCC65E /* ContextBinder.swift */,
			);
			path = Container;
			sourceTree = "<group>";
		};
		D499860F2A389FEF00384185 = {
			isa = PBXGroup;
			children = (
				D499861A2A389FEF00384185 /* PlayerView */,
				D49986192A389FEF00384185 /* Products */,
			);
			sourceTree = "<group>";
		};
		D49986192A389FEF00384185 /* Products */ = {
			isa = PBXGroup;
			children = (
				D49986182A389FEF00384185 /* PlayerView.app */,
			);
			name = Products;
			sourceTree = "<group>";
		};
		D499861A2A389FEF00384185 /* PlayerView */ = {
			isa = PBXGroup;
			children = (
				D4D839882A403F2000DD3C70 /* Framework */,
				D499861B2A389FEF00384185 /* PlayerViewApp.swift */,
				D499861D2A389FEF00384185 /* ContentView.swift */,
				D499861F2A389FF000384185 /* Assets.xcassets */,
				D49986212A389FF000384185 /* Preview Content */,
			);
			path = PlayerView;
			sourceTree = "<group>";
		};
		D49986212A389FF000384185 /* Preview Content */ = {
			isa = PBXGroup;
			children = (
				D49986222A389FF000384185 /* Preview Assets.xcassets */,
			);
			path = "Preview Content";
			sourceTree = "<group>";
		};
		D4D839882A403F2000DD3C70 /* Framework */ = {
			isa = PBXGroup;
			children = (
				D482AB4E2A449B5800CCC65E /* Container */,
				D4D839A62A403FC400DD3C70 /* Demo */,
				D4D839892A403F2000DD3C70 /* Core */,
				D4D8398B2A403F2000DD3C70 /* Overlayer */,
				D4D839992A403F2000DD3C70 /* Service */,
			);
			path = Framework;
			sourceTree = "<group>";
		};
		D4D839892A403F2000DD3C70 /* Core */ = {
			isa = PBXGroup;
			children = (
				D482AB432A44882300CCC65E /* ViewState.swift */,
				D482AB452A44882C00CCC65E /* StateSync.swift */,
				D482AB472A44883400CCC65E /* Context.swift */,
				D482AB492A44883900CCC65E /* Service.swift */,
			);
			path = Core;
			sourceTree = "<group>";
		};
		D4D8398B2A403F2000DD3C70 /* Overlayer */ = {
			isa = PBXGroup;
			children = (
				D4A8761A2A468B290006D717 /* ControlWidget.swift */,
				D4A8761D2A468B290006D717 /* FeatureWidget.swift */,
				D4A8761B2A468B290006D717 /* PluginWidget.swift */,
				D4A8761C2A468B290006D717 /* RenderWidget.swift */,
				D4A8761E2A468B290006D717 /* ToastWidget.swift */,
			);
			path = Overlayer;
			sourceTree = "<group>";
		};
		D4D839992A403F2000DD3C70 /* Service */ = {
			isa = PBXGroup;
			children = (
				D4D8399A2A403F2000DD3C70 /* GestureService.swift */,
				D4D839AD2A40878800DD3C70 /* ViewSizeService.swift */,
				D44A67142A41DEDF00F3FD2D /* StatusService.swift */,
			);
			path = Service;
			sourceTree = "<group>";
		};
		D4D839A62A403FC400DD3C70 /* Demo */ = {
			isa = PBXGroup;
			children = (
				D4D839822A403E1A00DD3C70 /* PlaybackButtonWidget.swift */,
				D4D839842A403E2600DD3C70 /* ProgressWidget.swift */,
				D4D839862A403E3100DD3C70 /* TimelineWidget.swift */,
				D402B0092A413468007FCD64 /* TitleWidget.swift */,
				D421981D2A45B79B00BDE828 /* BackButtonWidget.swift */,
				D42198212A45BAD700BDE828 /* MoreButtonWidget.swift */,
				D4FBD69B2A48313C008C00D0 /* LoadingService.swift */,
			);
			path = Demo;
			sourceTree = "<group>";
		};
/* End PBXGroup section */

/* Begin PBXNativeTarget section */
		D49986172A389FEF00384185 /* PlayerView */ = {
			isa = PBXNativeTarget;
			buildConfigurationList = D49986262A389FF000384185 /* Build configuration list for PBXNativeTarget "PlayerView" */;
			buildPhases = (
				D49986142A389FEF00384185 /* Sources */,
				D49986152A389FEF00384185 /* Frameworks */,
				D49986162A389FEF00384185 /* Resources */,
			);
			buildRules = (
			);
			dependencies = (
			);
			name = PlayerView;
			productName = PlayerView;
			productReference = D49986182A389FEF00384185 /* PlayerView.app */;
			productType = "com.apple.product-type.application";
		};
/* End PBXNativeTarget section */

/* Begin PBXProject section */
		D49986102A389FEF00384185 /* Project object */ = {
			isa = PBXProject;
			attributes = {
				BuildIndependentTargetsInParallel = 1;
				LastSwiftUpdateCheck = 1410;
				LastUpgradeCheck = 1410;
				TargetAttributes = {
					D49986172A389FEF00384185 = {
						CreatedOnToolsVersion = 14.1;
					};
				};
			};
			buildConfigurationList = D49986132A389FEF00384185 /* Build configuration list for PBXProject "PlayerView" */;
			compatibilityVersion = "Xcode 14.0";
			developmentRegion = en;
			hasScannedForEncodings = 0;
			knownRegions = (
				en,
				Base,
			);
			mainGroup = D499860F2A389FEF00384185;
			productRefGroup = D49986192A389FEF00384185 /* Products */;
			projectDirPath = "";
			projectRoot = "";
			targets = (
				D49986172A389FEF00384185 /* PlayerView */,
			);
		};
/* End PBXProject section */

/* Begin PBXResourcesBuildPhase section */
		D49986162A389FEF00384185 /* Resources */ = {
			isa = PBXResourcesBuildPhase;
			buildActionMask = 2147483647;
			files = (
				D49986232A389FF000384185 /* Preview Assets.xcassets in Resources */,
				D49986202A389FF000384185 /* Assets.xcassets in Resources */,
			);
			runOnlyForDeploymentPostprocessing = 0;
		};
/* End PBXResourcesBuildPhase section */

/* Begin PBXSourcesBuildPhase section */
		D49986142A389FEF00384185 /* Sources */ = {
			isa = PBXSourcesBuildPhase;
			buildActionMask = 2147483647;
			files = (
				D421981E2A45B79B00BDE828 /* BackButtonWidget.swift in Sources */,
				D42198222A45BAD700BDE828 /* MoreButtonWidget.swift in Sources */,
				D482AB442A44882300CCC65E /* ViewState.swift in Sources */,
				D482AB4A2A44883900CCC65E /* Service.swift in Sources */,
				D499861E2A389FEF00384185 /* ContentView.swift in Sources */,
				D482AB522A44C09900CCC65E /* ContextBinder.swift in Sources */,
				D44A67152A41DEDF00F3FD2D /* StatusService.swift in Sources */,
				D4D839AE2A40878800DD3C70 /* ViewSizeService.swift in Sources */,
				D482AB482A44883400CCC65E /* Context.swift in Sources */,
				D4A8761F2A468B290006D717 /* ControlWidget.swift in Sources */,
				D4D839872A403E3100DD3C70 /* TimelineWidget.swift in Sources */,
				D4A876202A468B290006D717 /* PluginWidget.swift in Sources */,
				D482AB502A449B5800CCC65E /* PlayerWidget.swift in Sources */,
				D4D839852A403E2600DD3C70 /* ProgressWidget.swift in Sources */,
				D4A876222A468B290006D717 /* FeatureWidget.swift in Sources */,
				D402B00A2A413468007FCD64 /* TitleWidget.swift in Sources */,
				D499861C2A389FEF00384185 /* PlayerViewApp.swift in Sources */,
				D4D839832A403E1A00DD3C70 /* PlaybackButtonWidget.swift in Sources */,
				D4A876212A468B290006D717 /* RenderWidget.swift in Sources */,
				D4A876232A468B290006D717 /* ToastWidget.swift in Sources */,
				D4D839A52A403F2000DD3C70 /* GestureService.swift in Sources */,
				D4FBD69C2A48313C008C00D0 /* LoadingService.swift in Sources */,
				D482AB462A44882C00CCC65E /* StateSync.swift in Sources */,
			);
			runOnlyForDeploymentPostprocessing = 0;
		};
/* End PBXSourcesBuildPhase section */

/* Begin XCBuildConfiguration section */
		D49986242A389FF000384185 /* Debug */ = {
			isa = XCBuildConfiguration;
			buildSettings = {
				ALWAYS_SEARCH_USER_PATHS = NO;
				CLANG_ANALYZER_NONNULL = YES;
				CLANG_ANALYZER_NUMBER_OBJECT_CONVERSION = YES_AGGRESSIVE;
				CLANG_CXX_LANGUAGE_STANDARD = "gnu++20";
				CLANG_ENABLE_MODULES = YES;
				CLANG_ENABLE_OBJC_ARC = YES;
				CLANG_ENABLE_OBJC_WEAK = YES;
				CLANG_WARN_BLOCK_CAPTURE_AUTORELEASING = YES;
				CLANG_WARN_BOOL_CONVERSION = YES;
				CLANG_WARN_COMMA = YES;
				CLANG_WARN_CONSTANT_CONVERSION = YES;
				CLANG_WARN_DEPRECATED_OBJC_IMPLEMENTATIONS = YES;
				CLANG_WARN_DIRECT_OBJC_ISA_USAGE = YES_ERROR;
				CLANG_WARN_DOCUMENTATION_COMMENTS = YES;
				CLANG_WARN_EMPTY_BODY = YES;
				CLANG_WARN_ENUM_CONVERSION = YES;
				CLANG_WARN_INFINITE_RECURSION = YES;
				CLANG_WARN_INT_CONVERSION = YES;
				CLANG_WARN_NON_LITERAL_NULL_CONVERSION = YES;
				CLANG_WARN_OBJC_IMPLICIT_RETAIN_SELF = YES;
				CLANG_WARN_OBJC_LITERAL_CONVERSION = YES;
				CLANG_WARN_OBJC_ROOT_CLASS = YES_ERROR;
				CLANG_WARN_QUOTED_INCLUDE_IN_FRAMEWORK_HEADER = YES;
				CLANG_WARN_RANGE_LOOP_ANALYSIS = YES;
				CLANG_WARN_STRICT_PROTOTYPES = YES;
				CLANG_WARN_SUSPICIOUS_MOVE = YES;
				CLANG_WARN_UNGUARDED_AVAILABILITY = YES_AGGRESSIVE;
				CLANG_WARN_UNREACHABLE_CODE = YES;
				CLANG_WARN__DUPLICATE_METHOD_MATCH = YES;
				COPY_PHASE_STRIP = NO;
				DEBUG_INFORMATION_FORMAT = dwarf;
				ENABLE_STRICT_OBJC_MSGSEND = YES;
				ENABLE_TESTABILITY = YES;
				GCC_C_LANGUAGE_STANDARD = gnu11;
				GCC_DYNAMIC_NO_PIC = NO;
				GCC_NO_COMMON_BLOCKS = YES;
				GCC_OPTIMIZATION_LEVEL = 0;
				GCC_PREPROCESSOR_DEFINITIONS = (
					"DEBUG=1",
					"$(inherited)",
				);
				GCC_WARN_64_TO_32_BIT_CONVERSION = YES;
				GCC_WARN_ABOUT_RETURN_TYPE = YES_ERROR;
				GCC_WARN_UNDECLARED_SELECTOR = YES;
				GCC_WARN_UNINITIALIZED_AUTOS = YES_AGGRESSIVE;
				GCC_WARN_UNUSED_FUNCTION = YES;
				GCC_WARN_UNUSED_VARIABLE = YES;
				IPHONEOS_DEPLOYMENT_TARGET = 16.1;
				MTL_ENABLE_DEBUG_INFO = INCLUDE_SOURCE;
				MTL_FAST_MATH = YES;
				ONLY_ACTIVE_ARCH = YES;
				SDKROOT = iphoneos;
				SWIFT_ACTIVE_COMPILATION_CONDITIONS = DEBUG;
				SWIFT_OPTIMIZATION_LEVEL = "-Onone";
			};
			name = Debug;
		};
		D49986252A389FF000384185 /* Release */ = {
			isa = XCBuildConfiguration;
			buildSettings = {
				ALWAYS_SEARCH_USER_PATHS = NO;
				CLANG_ANALYZER_NONNULL = YES;
				CLANG_ANALYZER_NUMBER_OBJECT_CONVERSION = YES_AGGRESSIVE;
				CLANG_CXX_LANGUAGE_STANDARD = "gnu++20";
				CLANG_ENABLE_MODULES = YES;
				CLANG_ENABLE_OBJC_ARC = YES;
				CLANG_ENABLE_OBJC_WEAK = YES;
				CLANG_WARN_BLOCK_CAPTURE_AUTORELEASING = YES;
				CLANG_WARN_BOOL_CONVERSION = YES;
				CLANG_WARN_COMMA = YES;
				CLANG_WARN_CONSTANT_CONVERSION = YES;
				CLANG_WARN_DEPRECATED_OBJC_IMPLEMENTATIONS = YES;
				CLANG_WARN_DIRECT_OBJC_ISA_USAGE = YES_ERROR;
				CLANG_WARN_DOCUMENTATION_COMMENTS = YES;
				CLANG_WARN_EMPTY_BODY = YES;
				CLANG_WARN_ENUM_CONVERSION = YES;
				CLANG_WARN_INFINITE_RECURSION = YES;
				CLANG_WARN_INT_CONVERSION = YES;
				CLANG_WARN_NON_LITERAL_NULL_CONVERSION = YES;
				CLANG_WARN_OBJC_IMPLICIT_RETAIN_SELF = YES;
				CLANG_WARN_OBJC_LITERAL_CONVERSION = YES;
				CLANG_WARN_OBJC_ROOT_CLASS = YES_ERROR;
				CLANG_WARN_QUOTED_INCLUDE_IN_FRAMEWORK_HEADER = YES;
				CLANG_WARN_RANGE_LOOP_ANALYSIS = YES;
				CLANG_WARN_STRICT_PROTOTYPES = YES;
				CLANG_WARN_SUSPICIOUS_MOVE = YES;
				CLANG_WARN_UNGUARDED_AVAILABILITY = YES_AGGRESSIVE;
				CLANG_WARN_UNREACHABLE_CODE = YES;
				CLANG_WARN__DUPLICATE_METHOD_MATCH = YES;
				COPY_PHASE_STRIP = NO;
				DEBUG_INFORMATION_FORMAT = "dwarf-with-dsym";
				ENABLE_NS_ASSERTIONS = NO;
				ENABLE_STRICT_OBJC_MSGSEND = YES;
				GCC_C_LANGUAGE_STANDARD = gnu11;
				GCC_NO_COMMON_BLOCKS = YES;
				GCC_WARN_64_TO_32_BIT_CONVERSION = YES;
				GCC_WARN_ABOUT_RETURN_TYPE = YES_ERROR;
				GCC_WARN_UNDECLARED_SELECTOR = YES;
				GCC_WARN_UNINITIALIZED_AUTOS = YES_AGGRESSIVE;
				GCC_WARN_UNUSED_FUNCTION = YES;
				GCC_WARN_UNUSED_VARIABLE = YES;
				IPHONEOS_DEPLOYMENT_TARGET = 16.1;
				MTL_ENABLE_DEBUG_INFO = NO;
				MTL_FAST_MATH = YES;
				SDKROOT = iphoneos;
				SWIFT_COMPILATION_MODE = wholemodule;
				SWIFT_OPTIMIZATION_LEVEL = "-O";
				VALIDATE_PRODUCT = YES;
			};
			name = Release;
		};
		D49986272A389FF000384185 /* Debug */ = {
			isa = XCBuildConfiguration;
			buildSettings = {
				ASSETCATALOG_COMPILER_APPICON_NAME = AppIcon;
				ASSETCATALOG_COMPILER_GLOBAL_ACCENT_COLOR_NAME = AccentColor;
				CODE_SIGN_STYLE = Automatic;
				CURRENT_PROJECT_VERSION = 1;
				DEVELOPMENT_ASSET_PATHS = "\"PlayerView/Preview Content\"";
				DEVELOPMENT_TEAM = 5V8DJBQ6XZ;
				ENABLE_PREVIEWS = YES;
				GENERATE_INFOPLIST_FILE = YES;
				INFOPLIST_KEY_UIApplicationSceneManifest_Generation = YES;
				INFOPLIST_KEY_UIApplicationSupportsIndirectInputEvents = YES;
				INFOPLIST_KEY_UILaunchScreen_Generation = YES;
				INFOPLIST_KEY_UISupportedInterfaceOrientations_iPad = "UIInterfaceOrientationPortrait UIInterfaceOrientationPortraitUpsideDown UIInterfaceOrientationLandscapeLeft UIInterfaceOrientationLandscapeRight";
				INFOPLIST_KEY_UISupportedInterfaceOrientations_iPhone = "UIInterfaceOrientationPortrait UIInterfaceOrientationLandscapeLeft UIInterfaceOrientationLandscapeRight";
				IPHONEOS_DEPLOYMENT_TARGET = 16.0;
				LD_RUNPATH_SEARCH_PATHS = (
					"$(inherited)",
					"@executable_path/Frameworks",
				);
				MARKETING_VERSION = 1.0;
				PRODUCT_BUNDLE_IDENTIFIER = com.playerview.demo.PlayerView;
				PRODUCT_NAME = "$(TARGET_NAME)";
				SWIFT_EMIT_LOC_STRINGS = YES;
				SWIFT_VERSION = 5.0;
				TARGETED_DEVICE_FAMILY = "1,2";
			};
			name = Debug;
		};
		D49986282A389FF000384185 /* Release */ = {
			isa = XCBuildConfiguration;
			buildSettings = {
				ASSETCATALOG_COMPILER_APPICON_NAME = AppIcon;
				ASSETCATALOG_COMPILER_GLOBAL_ACCENT_COLOR_NAME = AccentColor;
				CODE_SIGN_STYLE = Automatic;
				CURRENT_PROJECT_VERSION = 1;
				DEVELOPMENT_ASSET_PATHS = "\"PlayerView/Preview Content\"";
				DEVELOPMENT_TEAM = 5V8DJBQ6XZ;
				ENABLE_PREVIEWS = YES;
				GENERATE_INFOPLIST_FILE = YES;
				INFOPLIST_KEY_UIApplicationSceneManifest_Generation = YES;
				INFOPLIST_KEY_UIApplicationSupportsIndirectInputEvents = YES;
				INFOPLIST_KEY_UILaunchScreen_Generation = YES;
				INFOPLIST_KEY_UISupportedInterfaceOrientations_iPad = "UIInterfaceOrientationPortrait UIInterfaceOrientationPortraitUpsideDown UIInterfaceOrientationLandscapeLeft UIInterfaceOrientationLandscapeRight";
				INFOPLIST_KEY_UISupportedInterfaceOrientations_iPhone = "UIInterfaceOrientationPortrait UIInterfaceOrientationLandscapeLeft UIInterfaceOrientationLandscapeRight";
				IPHONEOS_DEPLOYMENT_TARGET = 16.0;
				LD_RUNPATH_SEARCH_PATHS = (
					"$(inherited)",
					"@executable_path/Frameworks",
				);
				MARKETING_VERSION = 1.0;
				PRODUCT_BUNDLE_IDENTIFIER = com.playerview.demo.PlayerView;
				PRODUCT_NAME = "$(TARGET_NAME)";
				SWIFT_EMIT_LOC_STRINGS = YES;
				SWIFT_VERSION = 5.0;
				TARGETED_DEVICE_FAMILY = "1,2";
			};
			name = Release;
		};
/* End XCBuildConfiguration section */

/* Begin XCConfigurationList section */
		D49986132A389FEF00384185 /* Build configuration list for PBXProject "PlayerView" */ = {
			isa = XCConfigurationList;
			buildConfigurations = (
				D49986242A389FF000384185 /* Debug */,
				D49986252A389FF000384185 /* Release */,
			);
			defaultConfigurationIsVisible = 0;
			defaultConfigurationName = Release;
		};
		D49986262A389FF000384185 /* Build configuration list for PBXNativeTarget "PlayerView" */ = {
			isa = XCConfigurationList;
			buildConfigurations = (
				D49986272A389FF000384185 /* Debug */,
				D49986282A389FF000384185 /* Release */,
			);
			defaultConfigurationIsVisible = 0;
			defaultConfigurationName = Release;
		};
/* End XCConfigurationList section */
	};
	rootObject = D49986102A389FEF00384185 /* Project object */;
}
