{"outputHash":"032279bdfbb648f32f4f46118a157ce5080395a9","projectHash":"ff58ff016f8774e80f964dca0f3332562b1063d6","sourceRoot":"\/Users\/shayanbo\/Documents\/PlayerView","dependencyPathsHash":"4434ee9b61c5df1d26d0637376b3516252a51a3d","mockedTypesHash":null,"cliVersion":"0.20.0","targetPathsHash":"04aa7b4391ac052da115afe1d140f32e51751b35","configHash":"2e74b944a3e6a656e6fb9c56e63d42dcc119e520","dependencies":[{"target":{"sourceRoot":"\/Users\/shayanbo\/Documents\/PlayerView","sourceFilePaths":[{"hash":"9a964689f8b517b5948861bc17a56e833cf0e038","path":"\/Users\/shayanbo\/Documents\/PlayerView\/Source\/Container\/PlayerWidget.swift"},{"hash":"fa089470dbe4744c1b5aa2bcc1bab6a0a2fb2f67","path":"\/Users\/shayanbo\/Documents\/PlayerView\/Source\/Core\/Context.swift"},{"path":"\/Users\/shayanbo\/Documents\/PlayerView\/Source\/Core\/Service.swift","hash":"9bf777a2347ddafce747417c0eb19e112b8105da"},{"path":"\/Users\/shayanbo\/Documents\/PlayerView\/Source\/Core\/StateSync.swift","hash":"01a904cd734b2463b8813efdfdfda2a4728c3e3c"},{"path":"\/Users\/shayanbo\/Documents\/PlayerView\/Source\/Core\/ViewState.swift","hash":"47c87ccb052e361f3b234378fb54ab7970e25cdf"},{"hash":"8cf0e81ae5aac0cd14f09a20c02550fd2b29e524","path":"\/Users\/shayanbo\/Documents\/PlayerView\/Source\/Overlay\/ControlWidget.swift"},{"hash":"8208bd045960515847fd922e4f456a9db829b891","path":"\/Users\/shayanbo\/Documents\/PlayerView\/Source\/Overlay\/FeatureWidget.swift"},{"path":"\/Users\/shayanbo\/Documents\/PlayerView\/Source\/Overlay\/GestureWidget.swift","hash":"d9c340f295fc3c0c1d311d135f4324ea1f9cb59d"},{"path":"\/Users\/shayanbo\/Documents\/PlayerView\/Source\/Overlay\/PluginWidget.swift","hash":"e81cff96d46dc93b927d6ae91a0585d257240e19"},{"hash":"cb6050d747d41e3c95922d12299059474928edc4","path":"\/Users\/shayanbo\/Documents\/PlayerView\/Source\/Overlay\/RenderWidget.swift"},{"path":"\/Users\/shayanbo\/Documents\/PlayerView\/Source\/Overlay\/ToastWidget.swift","hash":"79b5d430d54abb5ff71f7907b1a595e7efd8113a"},{"path":"\/Users\/shayanbo\/Documents\/PlayerView\/Source\/Service\/StatusService.swift","hash":"1b4372b347556ba695d08b94506097a0e42b971a"},{"path":"\/Users\/shayanbo\/Documents\/PlayerView\/Source\/Service\/ViewSizeService.swift","hash":"6ebc5cc344781fdd409ad29c7e2e6b59d89db0e1"}],"name":"VideoPlayerContainer","productModuleName":"VideoPlayerContainer","dependencies":[]}}],"name":"Test","sourceFilePaths":[{"path":"\/Users\/shayanbo\/Documents\/PlayerView\/Test\/DependencyService.swift","hash":"a20e38819ab21ff380c9efadbee7ec50d35a06e2"},{"path":"\/Users\/shayanbo\/Documents\/PlayerView\/Test\/TargetService.swift","hash":"77ed3c87464573e1a7c148ab8baaa270c6174656"},{"path":"\/Users\/shayanbo\/Documents\/PlayerView\/Test\/Tests.swift","hash":"4a3c8fdba9c4dbfb7e0857da7efed2185b1d93aa"}],"supportingFilePaths":[],"productModuleName":"Test"}